
Microsoft Visual Studio Solution File, Format Version 12.00
# Visual Studio 14
VisualStudioVersion = 14.0.25123.0
MinimumVisualStudioVersion = 10.0.40219.1
Project("{2150E333-8FDC-42A3-9474-1A3956D46DE8}") = "MAIN", "MAIN", "{259E9D38-C6A6-4235-AFBC-786A7B17CD77}"
EndProject
Project("{2150E333-8FDC-42A3-9474-1A3956D46DE8}") = "Misc", "Misc", "{A234E751-BD86-4433-8065-6ACFE58C35AB}"
EndProject
Project("{2150E333-8FDC-42A3-9474-1A3956D46DE8}") = "NetTiers", "NetTiers", "{1DF6E2B6-3AAF-43E6-A13D-C06D8371597E}"
EndProject
Project("{2150E333-8FDC-42A3-9474-1A3956D46DE8}") = "External", "External", "{E6FC1D4E-84DE-4DD6-A1C2-F11CC04DE9D0}"
EndProject
Project("{2150E333-8FDC-42A3-9474-1A3956D46DE8}") = "Testing", "Testing", "{41634C4C-2874-48CB-A5A1-51EE9752F543}"
EndProject
Project("{2150E333-8FDC-42A3-9474-1A3956D46DE8}") = "ServicePacks", "ServicePacks", "{810B9B77-A6A2-48DB-B0F2-384E58115CE9}"
EndProject
Project("{2150E333-8FDC-42A3-9474-1A3956D46DE8}") = "Common", "Common", "{3842CE3A-410B-4C58-A1C4-07C1CC8B7E6F}"
EndProject
Project("{2150E333-8FDC-42A3-9474-1A3956D46DE8}") = "Installer", "Installer", "{B63E59CD-B72B-4F0F-B0D5-0F0D689BE50C}"
EndProject
Project("{2150E333-8FDC-42A3-9474-1A3956D46DE8}") = "VIEWER", "VIEWER", "{94394989-41E3-44D0-8719-774792535640}"
EndProject
Project("{FAE04EC0-301F-11D3-BF4B-00C04F79EFBC}") = "MetaBuilder.UIControls", "Main\MetaBuilder.UIControls\MetaBuilder.UIControls.csproj", "{6B40D926-F92F-4B7E-BA1C-3CC04D46A6AD}"
EndProject
Project("{FAE04EC0-301F-11D3-BF4B-00C04F79EFBC}") = "MetaBuilder.BusinessFacade", "Main\MetaBuilder.BusinessFacade\MetaBuilder.BusinessFacade.csproj", "{AB8F12D8-2969-49EC-9361-2641FAF5F422}"
EndProject
Project("{FAE04EC0-301F-11D3-BF4B-00C04F79EFBC}") = "MetaBuilder.Core", "Main\MetaBuilder.Core\MetaBuilder.Core.csproj", "{AC8718BA-4640-4CB6-8611-5D8717849DAA}"
EndProject
Project("{FAE04EC0-301F-11D3-BF4B-00C04F79EFBC}") = "MetaBuilder.Meta", "Main\MetaBuilder.Meta\MetaBuilder.Meta.csproj", "{A6A472F1-D4A5-44C4-9689-36BD0EE52036}"
EndProject
Project("{FAE04EC0-301F-11D3-BF4B-00C04F79EFBC}") = "MetaBuilder.WinUI", "Main\MetaBuilder.WinUI\MetaBuilder.WinUI.csproj", "{F865CFF0-25AE-4C20-89D8-B78916D7E91B}"
EndProject
Project("{FAE04EC0-301F-11D3-BF4B-00C04F79EFBC}") = "MetaBuilder.MetaControls", "Main\MetaBuilder.MetaControls\MetaBuilder.MetaControls.csproj", "{F455C73B-87A6-4815-A3FB-F19B286AE406}"
EndProject
Project("{FAE04EC0-301F-11D3-BF4B-00C04F79EFBC}") = "MetaBuilder.Graphing", "Main\MetaBuilder.Graphing\MetaBuilder.Graphing.csproj", "{71200AD5-44C5-4ABB-A8AB-014A60C923BF}"
EndProject
Project("{FAE04EC0-301F-11D3-BF4B-00C04F79EFBC}") = "DisconPlugins", "Misc\Common\DisconPlugins\DisconPlugins.csproj", "{3CE77700-4248-4E3A-B264-4D6A95F17B7C}"
EndProject
Project("{FAE04EC0-301F-11D3-BF4B-00C04F79EFBC}") = "MetaBuilder.ResourceManagement", "Misc\Common\MetaBuilder.ResourceManager\MetaBuilder.ResourceManagement.csproj", "{8F7E3611-6B54-4C3E-8795-90453172D628}"
EndProject
Project("{FAE04EC0-301F-11D3-BF4B-00C04F79EFBC}") = "MetaBuilder.Sync", "Misc\Common\MetaBuilder.Sync\MetaBuilder.Sync.csproj", "{ED9F3CFD-303E-49CF-AC53-2E830699AEAF}"
EndProject
Project("{FAE04EC0-301F-11D3-BF4B-00C04F79EFBC}") = "OpenLicense", "Misc\External\OpenLicense\OpenLicense.csproj", "{645A64F9-27CD-453C-96E0-9DF733D035B1}"
EndProject
Project("{FAE04EC0-301F-11D3-BF4B-00C04F79EFBC}") = "MetaBuilder.PluginSDK", "Misc\Common\PluginSDK\MetaBuilder.PluginSDK.csproj", "{86DE2EA4-EC67-4F0A-BC70-7E23BF009D64}"
EndProject
Project("{FAE04EC0-301F-11D3-BF4B-00C04F79EFBC}") = "XPTable", "Misc\External\XPTable\XPTable.csproj", "{86FA531A-298B-473E-A40F-D53D058D9A3F}"
EndProject
Project("{FAE04EC0-301F-11D3-BF4B-00C04F79EFBC}") = "MetaBuilder.Graphing.Persistence", "Main\MetaBuilder.Graphing.Persistence\MetaBuilder.Graphing.Persistence.csproj", "{FA0415E3-5C92-4224-814D-E06B3EF0AC6D}"
EndProject
Project("{FAE04EC0-301F-11D3-BF4B-00C04F79EFBC}") = "ShapeBuilding", "Misc\Testing\ShapeBuilding\ShapeBuilding.csproj", "{876BD4A0-0663-4F72-8089-501C8BA527D8}"
EndProject
Project("{FAE04EC0-301F-11D3-BF4B-00C04F79EFBC}") = "MetaBuilder.BusinessLogic", "Misc\External\NetTiers\MetaBuilder.BusinessLogic\MetaBuilder.BusinessLogic.csproj", "{B72D3674-44C0-49FE-A4F1-64910F292641}"
EndProject
Project("{FAE04EC0-301F-11D3-BF4B-00C04F79EFBC}") = "MetaBuilder.DataAccessLayer", "Misc\External\NetTiers\MetaBuilder.DataAccessLayer\MetaBuilder.DataAccessLayer.csproj", "{02252C54-158A-4DD2-928C-75A3906CCFA9}"
EndProject
Project("{FAE04EC0-301F-11D3-BF4B-00C04F79EFBC}") = "MetaBuilder.DataAccessLayer.SqlClient", "Misc\External\NetTiers\MetaBuilder.DataAccessLayer.SqlClient\MetaBuilder.DataAccessLayer.SqlClient.csproj", "{57769669-DE6B-4520-ADA4-6DA59740C258}"
EndProject
Project("{FAE04EC0-301F-11D3-BF4B-00C04F79EFBC}") = "RepositoryServicePack", "Misc\ServicePacks\RepositoryServicePack\RepositoryServicePack.csproj", "{2C86C8D1-023D-4656-9169-FFE55B84B084}"
EndProject
Project("{FAE04EC0-301F-11D3-BF4B-00C04F79EFBC}") = "MetaBuilder.CommonControls", "Misc\External\MetaBuilder.CommonControls\MetaBuilder.CommonControls.csproj", "{E73BB233-D88B-44A7-A98F-D71EE158381D}"
EndProject
Project("{FAE04EC0-301F-11D3-BF4B-00C04F79EFBC}") = "MetaBuilder.Docking", "Misc\Common\MetaBuilder.Dock\MetaBuilder.Docking.csproj", "{C75532C4-765B-418E-B09B-46D36B2ABDB1}"
EndProject
Project("{FAE04EC0-301F-11D3-BF4B-00C04F79EFBC}") = "MetaBuilder.SplashScreen", "Misc\Common\MetaBuilder.SplashScreen\MetaBuilder.SplashScreen.csproj", "{743EDB81-D2AC-4A52-A313-50BD4229401B}"
EndProject
Project("{930C7802-8A8C-48F9-8165-68863BCCD9DD}") = "SetupProject1", "SetupProject1\SetupProject1.wixproj", "{97E59E45-ACEF-4E59-B8CB-44D83B97B362}"
EndProject
Project("{FAE04EC0-301F-11D3-BF4B-00C04F79EFBC}") = "Playground", "Playground\Playground.csproj", "{BBB8791F-9954-423B-BE05-44EEBE59BB13}"
EndProject
Project("{FAE04EC0-301F-11D3-BF4B-00C04F79EFBC}") = "MetaBuilder.Viewer", "MetaBuilder.Viewer\MetaBuilder.Viewer.csproj", "{9A9EA19A-5E81-4CA5-BBBF-41AA8A73A134}"
EndProject
Project("{FAE04EC0-301F-11D3-BF4B-00C04F79EFBC}") = "ObjectListView2005", "..\..\..\2 - Controls\ObjectListViewDemo\ObjectListView\ObjectListView2005.csproj", "{18FEDA0C-D147-4286-B39A-01204808106A}"
EndProject
Global
	GlobalSection(SolutionConfigurationPlatforms) = preSolution
		Debug|.NET = Debug|.NET
		Debug|Any CPU = Debug|Any CPU
		Debug|Mixed Platforms = Debug|Mixed Platforms
		Debug|x86 = Debug|x86
		Install|.NET = Install|.NET
		Install|Any CPU = Install|Any CPU
		Install|Mixed Platforms = Install|Mixed Platforms
		Install|x86 = Install|x86
		Release|.NET = Release|.NET
		Release|Any CPU = Release|Any CPU
		Release|Mixed Platforms = Release|Mixed Platforms
		Release|x86 = Release|x86
		ServicePack|.NET = ServicePack|.NET
		ServicePack|Any CPU = ServicePack|Any CPU
		ServicePack|Mixed Platforms = ServicePack|Mixed Platforms
		ServicePack|x86 = ServicePack|x86
		ShapeBuilding Only|.NET = ShapeBuilding Only|.NET
		ShapeBuilding Only|Any CPU = ShapeBuilding Only|Any CPU
		ShapeBuilding Only|Mixed Platforms = ShapeBuilding Only|Mixed Platforms
		ShapeBuilding Only|x86 = ShapeBuilding Only|x86
	EndGlobalSection
	GlobalSection(ProjectConfigurationPlatforms) = postSolution
		{6B40D926-F92F-4B7E-BA1C-3CC04D46A6AD}.Debug|.NET.ActiveCfg = Debug|Any CPU
		{6B40D926-F92F-4B7E-BA1C-3CC04D46A6AD}.Debug|.NET.Build.0 = Debug|Any CPU
		{6B40D926-F92F-4B7E-BA1C-3CC04D46A6AD}.Debug|Any CPU.ActiveCfg = Debug|Any CPU
		{6B40D926-F92F-4B7E-BA1C-3CC04D46A6AD}.Debug|Any CPU.Build.0 = Debug|Any CPU
		{6B40D926-F92F-4B7E-BA1C-3CC04D46A6AD}.Debug|Mixed Platforms.ActiveCfg = Debug|Any CPU
		{6B40D926-F92F-4B7E-BA1C-3CC04D46A6AD}.Debug|Mixed Platforms.Build.0 = Debug|Any CPU
		{6B40D926-F92F-4B7E-BA1C-3CC04D46A6AD}.Debug|x86.ActiveCfg = Debug|Any CPU
		{6B40D926-F92F-4B7E-BA1C-3CC04D46A6AD}.Install|.NET.ActiveCfg = Install|Any CPU
		{6B40D926-F92F-4B7E-BA1C-3CC04D46A6AD}.Install|Any CPU.ActiveCfg = Install|Any CPU
		{6B40D926-F92F-4B7E-BA1C-3CC04D46A6AD}.Install|Any CPU.Build.0 = Install|Any CPU
		{6B40D926-F92F-4B7E-BA1C-3CC04D46A6AD}.Install|Mixed Platforms.ActiveCfg = Install|Any CPU
		{6B40D926-F92F-4B7E-BA1C-3CC04D46A6AD}.Install|x86.ActiveCfg = Install|Any CPU
		{6B40D926-F92F-4B7E-BA1C-3CC04D46A6AD}.Release|.NET.ActiveCfg = Release|Any CPU
		{6B40D926-F92F-4B7E-BA1C-3CC04D46A6AD}.Release|.NET.Build.0 = Release|Any CPU
		{6B40D926-F92F-4B7E-BA1C-3CC04D46A6AD}.Release|Any CPU.ActiveCfg = Release|Any CPU
		{6B40D926-F92F-4B7E-BA1C-3CC04D46A6AD}.Release|Any CPU.Build.0 = Release|Any CPU
		{6B40D926-F92F-4B7E-BA1C-3CC04D46A6AD}.Release|Mixed Platforms.ActiveCfg = Release|Any CPU
		{6B40D926-F92F-4B7E-BA1C-3CC04D46A6AD}.Release|Mixed Platforms.Build.0 = Release|Any CPU
		{6B40D926-F92F-4B7E-BA1C-3CC04D46A6AD}.Release|x86.ActiveCfg = Release|Any CPU
		{6B40D926-F92F-4B7E-BA1C-3CC04D46A6AD}.ServicePack|.NET.ActiveCfg = ServicePack|Any CPU
		{6B40D926-F92F-4B7E-BA1C-3CC04D46A6AD}.ServicePack|Any CPU.ActiveCfg = ServicePack|Any CPU
		{6B40D926-F92F-4B7E-BA1C-3CC04D46A6AD}.ServicePack|Any CPU.Build.0 = ServicePack|Any CPU
		{6B40D926-F92F-4B7E-BA1C-3CC04D46A6AD}.ServicePack|Mixed Platforms.ActiveCfg = ServicePack|Any CPU
		{6B40D926-F92F-4B7E-BA1C-3CC04D46A6AD}.ServicePack|Mixed Platforms.Build.0 = ServicePack|Any CPU
		{6B40D926-F92F-4B7E-BA1C-3CC04D46A6AD}.ServicePack|x86.ActiveCfg = ServicePack|Any CPU
		{6B40D926-F92F-4B7E-BA1C-3CC04D46A6AD}.ShapeBuilding Only|.NET.ActiveCfg = Debug|Any CPU
		{6B40D926-F92F-4B7E-BA1C-3CC04D46A6AD}.ShapeBuilding Only|Any CPU.ActiveCfg = ShapeBuilding Only|Any CPU
		{6B40D926-F92F-4B7E-BA1C-3CC04D46A6AD}.ShapeBuilding Only|Any CPU.Build.0 = ShapeBuilding Only|Any CPU
		{6B40D926-F92F-4B7E-BA1C-3CC04D46A6AD}.ShapeBuilding Only|Mixed Platforms.ActiveCfg = ShapeBuilding Only|Any CPU
		{6B40D926-F92F-4B7E-BA1C-3CC04D46A6AD}.ShapeBuilding Only|Mixed Platforms.Build.0 = ShapeBuilding Only|Any CPU
		{6B40D926-F92F-4B7E-BA1C-3CC04D46A6AD}.ShapeBuilding Only|x86.ActiveCfg = ShapeBuilding Only|Any CPU
		{AB8F12D8-2969-49EC-9361-2641FAF5F422}.Debug|.NET.ActiveCfg = Debug|Any CPU
		{AB8F12D8-2969-49EC-9361-2641FAF5F422}.Debug|.NET.Build.0 = Debug|Any CPU
		{AB8F12D8-2969-49EC-9361-2641FAF5F422}.Debug|Any CPU.ActiveCfg = Debug|Any CPU
		{AB8F12D8-2969-49EC-9361-2641FAF5F422}.Debug|Any CPU.Build.0 = Debug|Any CPU
		{AB8F12D8-2969-49EC-9361-2641FAF5F422}.Debug|Mixed Platforms.ActiveCfg = Debug|Any CPU
		{AB8F12D8-2969-49EC-9361-2641FAF5F422}.Debug|Mixed Platforms.Build.0 = Debug|Any CPU
		{AB8F12D8-2969-49EC-9361-2641FAF5F422}.Debug|x86.ActiveCfg = Debug|Any CPU
		{AB8F12D8-2969-49EC-9361-2641FAF5F422}.Install|.NET.ActiveCfg = Install|Any CPU
		{AB8F12D8-2969-49EC-9361-2641FAF5F422}.Install|Any CPU.ActiveCfg = Install|Any CPU
		{AB8F12D8-2969-49EC-9361-2641FAF5F422}.Install|Any CPU.Build.0 = Install|Any CPU
		{AB8F12D8-2969-49EC-9361-2641FAF5F422}.Install|Mixed Platforms.ActiveCfg = Install|Any CPU
		{AB8F12D8-2969-49EC-9361-2641FAF5F422}.Install|x86.ActiveCfg = Install|Any CPU
		{AB8F12D8-2969-49EC-9361-2641FAF5F422}.Release|.NET.ActiveCfg = Release|Any CPU
		{AB8F12D8-2969-49EC-9361-2641FAF5F422}.Release|.NET.Build.0 = Release|Any CPU
		{AB8F12D8-2969-49EC-9361-2641FAF5F422}.Release|Any CPU.ActiveCfg = Release|Any CPU
		{AB8F12D8-2969-49EC-9361-2641FAF5F422}.Release|Any CPU.Build.0 = Release|Any CPU
		{AB8F12D8-2969-49EC-9361-2641FAF5F422}.Release|Mixed Platforms.ActiveCfg = Release|Any CPU
		{AB8F12D8-2969-49EC-9361-2641FAF5F422}.Release|Mixed Platforms.Build.0 = Release|Any CPU
		{AB8F12D8-2969-49EC-9361-2641FAF5F422}.Release|x86.ActiveCfg = Release|Any CPU
		{AB8F12D8-2969-49EC-9361-2641FAF5F422}.ServicePack|.NET.ActiveCfg = ServicePack|Any CPU
		{AB8F12D8-2969-49EC-9361-2641FAF5F422}.ServicePack|Any CPU.ActiveCfg = ServicePack|Any CPU
		{AB8F12D8-2969-49EC-9361-2641FAF5F422}.ServicePack|Any CPU.Build.0 = ServicePack|Any CPU
		{AB8F12D8-2969-49EC-9361-2641FAF5F422}.ServicePack|Mixed Platforms.ActiveCfg = ServicePack|Any CPU
		{AB8F12D8-2969-49EC-9361-2641FAF5F422}.ServicePack|Mixed Platforms.Build.0 = ServicePack|Any CPU
		{AB8F12D8-2969-49EC-9361-2641FAF5F422}.ServicePack|x86.ActiveCfg = ServicePack|Any CPU
		{AB8F12D8-2969-49EC-9361-2641FAF5F422}.ShapeBuilding Only|.NET.ActiveCfg = Debug|Any CPU
		{AB8F12D8-2969-49EC-9361-2641FAF5F422}.ShapeBuilding Only|Any CPU.ActiveCfg = ShapeBuilding Only|Any CPU
		{AB8F12D8-2969-49EC-9361-2641FAF5F422}.ShapeBuilding Only|Any CPU.Build.0 = ShapeBuilding Only|Any CPU
		{AB8F12D8-2969-49EC-9361-2641FAF5F422}.ShapeBuilding Only|Mixed Platforms.ActiveCfg = ShapeBuilding Only|Any CPU
		{AB8F12D8-2969-49EC-9361-2641FAF5F422}.ShapeBuilding Only|Mixed Platforms.Build.0 = ShapeBuilding Only|Any CPU
		{AB8F12D8-2969-49EC-9361-2641FAF5F422}.ShapeBuilding Only|x86.ActiveCfg = ShapeBuilding Only|Any CPU
		{AC8718BA-4640-4CB6-8611-5D8717849DAA}.Debug|.NET.ActiveCfg = Debug|Any CPU
		{AC8718BA-4640-4CB6-8611-5D8717849DAA}.Debug|.NET.Build.0 = Debug|Any CPU
		{AC8718BA-4640-4CB6-8611-5D8717849DAA}.Debug|Any CPU.ActiveCfg = Debug|Any CPU
		{AC8718BA-4640-4CB6-8611-5D8717849DAA}.Debug|Any CPU.Build.0 = Debug|Any CPU
		{AC8718BA-4640-4CB6-8611-5D8717849DAA}.Debug|Mixed Platforms.ActiveCfg = Debug|Any CPU
		{AC8718BA-4640-4CB6-8611-5D8717849DAA}.Debug|Mixed Platforms.Build.0 = Debug|Any CPU
		{AC8718BA-4640-4CB6-8611-5D8717849DAA}.Debug|x86.ActiveCfg = Debug|Any CPU
		{AC8718BA-4640-4CB6-8611-5D8717849DAA}.Install|.NET.ActiveCfg = Install|Any CPU
		{AC8718BA-4640-4CB6-8611-5D8717849DAA}.Install|Any CPU.ActiveCfg = Install|Any CPU
		{AC8718BA-4640-4CB6-8611-5D8717849DAA}.Install|Any CPU.Build.0 = Install|Any CPU
		{AC8718BA-4640-4CB6-8611-5D8717849DAA}.Install|Mixed Platforms.ActiveCfg = Install|Any CPU
		{AC8718BA-4640-4CB6-8611-5D8717849DAA}.Install|x86.ActiveCfg = Install|Any CPU
		{AC8718BA-4640-4CB6-8611-5D8717849DAA}.Release|.NET.ActiveCfg = Release|Any CPU
		{AC8718BA-4640-4CB6-8611-5D8717849DAA}.Release|.NET.Build.0 = Release|Any CPU
		{AC8718BA-4640-4CB6-8611-5D8717849DAA}.Release|Any CPU.ActiveCfg = Release|Any CPU
		{AC8718BA-4640-4CB6-8611-5D8717849DAA}.Release|Any CPU.Build.0 = Release|Any CPU
		{AC8718BA-4640-4CB6-8611-5D8717849DAA}.Release|Mixed Platforms.ActiveCfg = Release|Any CPU
		{AC8718BA-4640-4CB6-8611-5D8717849DAA}.Release|Mixed Platforms.Build.0 = Release|Any CPU
		{AC8718BA-4640-4CB6-8611-5D8717849DAA}.Release|x86.ActiveCfg = Release|Any CPU
		{AC8718BA-4640-4CB6-8611-5D8717849DAA}.ServicePack|.NET.ActiveCfg = ServicePack|Any CPU
		{AC8718BA-4640-4CB6-8611-5D8717849DAA}.ServicePack|Any CPU.ActiveCfg = ServicePack|Any CPU
		{AC8718BA-4640-4CB6-8611-5D8717849DAA}.ServicePack|Any CPU.Build.0 = ServicePack|Any CPU
		{AC8718BA-4640-4CB6-8611-5D8717849DAA}.ServicePack|Mixed Platforms.ActiveCfg = ServicePack|Any CPU
		{AC8718BA-4640-4CB6-8611-5D8717849DAA}.ServicePack|Mixed Platforms.Build.0 = ServicePack|Any CPU
		{AC8718BA-4640-4CB6-8611-5D8717849DAA}.ServicePack|x86.ActiveCfg = ServicePack|Any CPU
		{AC8718BA-4640-4CB6-8611-5D8717849DAA}.ShapeBuilding Only|.NET.ActiveCfg = Debug|Any CPU
		{AC8718BA-4640-4CB6-8611-5D8717849DAA}.ShapeBuilding Only|Any CPU.ActiveCfg = ShapeBuilding Only|Any CPU
		{AC8718BA-4640-4CB6-8611-5D8717849DAA}.ShapeBuilding Only|Any CPU.Build.0 = ShapeBuilding Only|Any CPU
		{AC8718BA-4640-4CB6-8611-5D8717849DAA}.ShapeBuilding Only|Mixed Platforms.ActiveCfg = ShapeBuilding Only|Any CPU
		{AC8718BA-4640-4CB6-8611-5D8717849DAA}.ShapeBuilding Only|Mixed Platforms.Build.0 = ShapeBuilding Only|Any CPU
		{AC8718BA-4640-4CB6-8611-5D8717849DAA}.ShapeBuilding Only|x86.ActiveCfg = ShapeBuilding Only|Any CPU
		{A6A472F1-D4A5-44C4-9689-36BD0EE52036}.Debug|.NET.ActiveCfg = Debug|Any CPU
		{A6A472F1-D4A5-44C4-9689-36BD0EE52036}.Debug|.NET.Build.0 = Debug|Any CPU
		{A6A472F1-D4A5-44C4-9689-36BD0EE52036}.Debug|Any CPU.ActiveCfg = Debug|Any CPU
		{A6A472F1-D4A5-44C4-9689-36BD0EE52036}.Debug|Any CPU.Build.0 = Debug|Any CPU
		{A6A472F1-D4A5-44C4-9689-36BD0EE52036}.Debug|Mixed Platforms.ActiveCfg = Debug|Any CPU
		{A6A472F1-D4A5-44C4-9689-36BD0EE52036}.Debug|Mixed Platforms.Build.0 = Debug|Any CPU
		{A6A472F1-D4A5-44C4-9689-36BD0EE52036}.Debug|x86.ActiveCfg = Debug|Any CPU
		{A6A472F1-D4A5-44C4-9689-36BD0EE52036}.Install|.NET.ActiveCfg = Install|Any CPU
		{A6A472F1-D4A5-44C4-9689-36BD0EE52036}.Install|Any CPU.ActiveCfg = Install|Any CPU
		{A6A472F1-D4A5-44C4-9689-36BD0EE52036}.Install|Any CPU.Build.0 = Install|Any CPU
		{A6A472F1-D4A5-44C4-9689-36BD0EE52036}.Install|Mixed Platforms.ActiveCfg = Install|Any CPU
		{A6A472F1-D4A5-44C4-9689-36BD0EE52036}.Install|x86.ActiveCfg = Install|Any CPU
		{A6A472F1-D4A5-44C4-9689-36BD0EE52036}.Release|.NET.ActiveCfg = Release|Any CPU
		{A6A472F1-D4A5-44C4-9689-36BD0EE52036}.Release|.NET.Build.0 = Release|Any CPU
		{A6A472F1-D4A5-44C4-9689-36BD0EE52036}.Release|Any CPU.ActiveCfg = Release|Any CPU
		{A6A472F1-D4A5-44C4-9689-36BD0EE52036}.Release|Any CPU.Build.0 = Release|Any CPU
		{A6A472F1-D4A5-44C4-9689-36BD0EE52036}.Release|Mixed Platforms.ActiveCfg = Release|Any CPU
		{A6A472F1-D4A5-44C4-9689-36BD0EE52036}.Release|Mixed Platforms.Build.0 = Release|Any CPU
		{A6A472F1-D4A5-44C4-9689-36BD0EE52036}.Release|x86.ActiveCfg = Release|Any CPU
		{A6A472F1-D4A5-44C4-9689-36BD0EE52036}.ServicePack|.NET.ActiveCfg = ServicePack|Any CPU
		{A6A472F1-D4A5-44C4-9689-36BD0EE52036}.ServicePack|Any CPU.ActiveCfg = ServicePack|Any CPU
		{A6A472F1-D4A5-44C4-9689-36BD0EE52036}.ServicePack|Any CPU.Build.0 = ServicePack|Any CPU
		{A6A472F1-D4A5-44C4-9689-36BD0EE52036}.ServicePack|Mixed Platforms.ActiveCfg = ServicePack|Any CPU
		{A6A472F1-D4A5-44C4-9689-36BD0EE52036}.ServicePack|Mixed Platforms.Build.0 = ServicePack|Any CPU
		{A6A472F1-D4A5-44C4-9689-36BD0EE52036}.ServicePack|x86.ActiveCfg = ServicePack|Any CPU
		{A6A472F1-D4A5-44C4-9689-36BD0EE52036}.ShapeBuilding Only|.NET.ActiveCfg = Debug|Any CPU
		{A6A472F1-D4A5-44C4-9689-36BD0EE52036}.ShapeBuilding Only|Any CPU.ActiveCfg = ShapeBuilding Only|Any CPU
		{A6A472F1-D4A5-44C4-9689-36BD0EE52036}.ShapeBuilding Only|Any CPU.Build.0 = ShapeBuilding Only|Any CPU
		{A6A472F1-D4A5-44C4-9689-36BD0EE52036}.ShapeBuilding Only|Mixed Platforms.ActiveCfg = ShapeBuilding Only|Any CPU
		{A6A472F1-D4A5-44C4-9689-36BD0EE52036}.ShapeBuilding Only|Mixed Platforms.Build.0 = ShapeBuilding Only|Any CPU
		{A6A472F1-D4A5-44C4-9689-36BD0EE52036}.ShapeBuilding Only|x86.ActiveCfg = ShapeBuilding Only|Any CPU
		{F865CFF0-25AE-4C20-89D8-B78916D7E91B}.Debug|.NET.ActiveCfg = Debug|Any CPU
		{F865CFF0-25AE-4C20-89D8-B78916D7E91B}.Debug|.NET.Build.0 = Debug|Any CPU
		{F865CFF0-25AE-4C20-89D8-B78916D7E91B}.Debug|Any CPU.ActiveCfg = Debug|Any CPU
		{F865CFF0-25AE-4C20-89D8-B78916D7E91B}.Debug|Any CPU.Build.0 = Debug|Any CPU
		{F865CFF0-25AE-4C20-89D8-B78916D7E91B}.Debug|Mixed Platforms.ActiveCfg = Debug|Any CPU
		{F865CFF0-25AE-4C20-89D8-B78916D7E91B}.Debug|Mixed Platforms.Build.0 = Debug|Any CPU
		{F865CFF0-25AE-4C20-89D8-B78916D7E91B}.Debug|x86.ActiveCfg = Debug|Any CPU
		{F865CFF0-25AE-4C20-89D8-B78916D7E91B}.Install|.NET.ActiveCfg = Install|Any CPU
		{F865CFF0-25AE-4C20-89D8-B78916D7E91B}.Install|Any CPU.ActiveCfg = Install|Any CPU
		{F865CFF0-25AE-4C20-89D8-B78916D7E91B}.Install|Any CPU.Build.0 = Install|Any CPU
		{F865CFF0-25AE-4C20-89D8-B78916D7E91B}.Install|Mixed Platforms.ActiveCfg = Install|Any CPU
		{F865CFF0-25AE-4C20-89D8-B78916D7E91B}.Install|x86.ActiveCfg = Install|Any CPU
		{F865CFF0-25AE-4C20-89D8-B78916D7E91B}.Release|.NET.ActiveCfg = Release|Any CPU
		{F865CFF0-25AE-4C20-89D8-B78916D7E91B}.Release|.NET.Build.0 = Release|Any CPU
		{F865CFF0-25AE-4C20-89D8-B78916D7E91B}.Release|Any CPU.ActiveCfg = Release|Any CPU
		{F865CFF0-25AE-4C20-89D8-B78916D7E91B}.Release|Any CPU.Build.0 = Release|Any CPU
		{F865CFF0-25AE-4C20-89D8-B78916D7E91B}.Release|Mixed Platforms.ActiveCfg = Release|Any CPU
		{F865CFF0-25AE-4C20-89D8-B78916D7E91B}.Release|Mixed Platforms.Build.0 = Release|Any CPU
		{F865CFF0-25AE-4C20-89D8-B78916D7E91B}.Release|x86.ActiveCfg = Release|Any CPU
		{F865CFF0-25AE-4C20-89D8-B78916D7E91B}.ServicePack|.NET.ActiveCfg = ServicePack|Any CPU
		{F865CFF0-25AE-4C20-89D8-B78916D7E91B}.ServicePack|Any CPU.ActiveCfg = ServicePack|Any CPU
		{F865CFF0-25AE-4C20-89D8-B78916D7E91B}.ServicePack|Any CPU.Build.0 = ServicePack|Any CPU
		{F865CFF0-25AE-4C20-89D8-B78916D7E91B}.ServicePack|Mixed Platforms.ActiveCfg = ServicePack|Any CPU
		{F865CFF0-25AE-4C20-89D8-B78916D7E91B}.ServicePack|Mixed Platforms.Build.0 = ServicePack|Any CPU
		{F865CFF0-25AE-4C20-89D8-B78916D7E91B}.ServicePack|x86.ActiveCfg = ServicePack|Any CPU
		{F865CFF0-25AE-4C20-89D8-B78916D7E91B}.ShapeBuilding Only|.NET.ActiveCfg = Debug|Any CPU
		{F865CFF0-25AE-4C20-89D8-B78916D7E91B}.ShapeBuilding Only|Any CPU.ActiveCfg = ShapeBuilding Only|Any CPU
		{F865CFF0-25AE-4C20-89D8-B78916D7E91B}.ShapeBuilding Only|Any CPU.Build.0 = ShapeBuilding Only|Any CPU
		{F865CFF0-25AE-4C20-89D8-B78916D7E91B}.ShapeBuilding Only|Mixed Platforms.ActiveCfg = ShapeBuilding Only|Any CPU
		{F865CFF0-25AE-4C20-89D8-B78916D7E91B}.ShapeBuilding Only|Mixed Platforms.Build.0 = ShapeBuilding Only|Any CPU
		{F865CFF0-25AE-4C20-89D8-B78916D7E91B}.ShapeBuilding Only|x86.ActiveCfg = ShapeBuilding Only|Any CPU
		{F455C73B-87A6-4815-A3FB-F19B286AE406}.Debug|.NET.ActiveCfg = Debug|Any CPU
		{F455C73B-87A6-4815-A3FB-F19B286AE406}.Debug|.NET.Build.0 = Debug|Any CPU
		{F455C73B-87A6-4815-A3FB-F19B286AE406}.Debug|Any CPU.ActiveCfg = Debug|Any CPU
		{F455C73B-87A6-4815-A3FB-F19B286AE406}.Debug|Any CPU.Build.0 = Debug|Any CPU
		{F455C73B-87A6-4815-A3FB-F19B286AE406}.Debug|Mixed Platforms.ActiveCfg = Debug|Any CPU
		{F455C73B-87A6-4815-A3FB-F19B286AE406}.Debug|Mixed Platforms.Build.0 = Debug|Any CPU
		{F455C73B-87A6-4815-A3FB-F19B286AE406}.Debug|x86.ActiveCfg = Debug|Any CPU
		{F455C73B-87A6-4815-A3FB-F19B286AE406}.Install|.NET.ActiveCfg = Install|Any CPU
		{F455C73B-87A6-4815-A3FB-F19B286AE406}.Install|Any CPU.ActiveCfg = Install|Any CPU
		{F455C73B-87A6-4815-A3FB-F19B286AE406}.Install|Any CPU.Build.0 = Install|Any CPU
		{F455C73B-87A6-4815-A3FB-F19B286AE406}.Install|Mixed Platforms.ActiveCfg = Install|Any CPU
		{F455C73B-87A6-4815-A3FB-F19B286AE406}.Install|x86.ActiveCfg = Install|Any CPU
		{F455C73B-87A6-4815-A3FB-F19B286AE406}.Release|.NET.ActiveCfg = Release|Any CPU
		{F455C73B-87A6-4815-A3FB-F19B286AE406}.Release|.NET.Build.0 = Release|Any CPU
		{F455C73B-87A6-4815-A3FB-F19B286AE406}.Release|Any CPU.ActiveCfg = Release|Any CPU
		{F455C73B-87A6-4815-A3FB-F19B286AE406}.Release|Any CPU.Build.0 = Release|Any CPU
		{F455C73B-87A6-4815-A3FB-F19B286AE406}.Release|Mixed Platforms.ActiveCfg = Release|Any CPU
		{F455C73B-87A6-4815-A3FB-F19B286AE406}.Release|Mixed Platforms.Build.0 = Release|Any CPU
		{F455C73B-87A6-4815-A3FB-F19B286AE406}.Release|x86.ActiveCfg = Release|Any CPU
		{F455C73B-87A6-4815-A3FB-F19B286AE406}.ServicePack|.NET.ActiveCfg = ServicePack|Any CPU
		{F455C73B-87A6-4815-A3FB-F19B286AE406}.ServicePack|Any CPU.ActiveCfg = ServicePack|Any CPU
		{F455C73B-87A6-4815-A3FB-F19B286AE406}.ServicePack|Any CPU.Build.0 = ServicePack|Any CPU
		{F455C73B-87A6-4815-A3FB-F19B286AE406}.ServicePack|Mixed Platforms.ActiveCfg = ServicePack|Any CPU
		{F455C73B-87A6-4815-A3FB-F19B286AE406}.ServicePack|Mixed Platforms.Build.0 = ServicePack|Any CPU
		{F455C73B-87A6-4815-A3FB-F19B286AE406}.ServicePack|x86.ActiveCfg = ServicePack|Any CPU
		{F455C73B-87A6-4815-A3FB-F19B286AE406}.ShapeBuilding Only|.NET.ActiveCfg = Debug|Any CPU
		{F455C73B-87A6-4815-A3FB-F19B286AE406}.ShapeBuilding Only|Any CPU.ActiveCfg = ServicePack|Any CPU
		{F455C73B-87A6-4815-A3FB-F19B286AE406}.ShapeBuilding Only|Any CPU.Build.0 = ServicePack|Any CPU
		{F455C73B-87A6-4815-A3FB-F19B286AE406}.ShapeBuilding Only|Mixed Platforms.ActiveCfg = ServicePack|Any CPU
		{F455C73B-87A6-4815-A3FB-F19B286AE406}.ShapeBuilding Only|Mixed Platforms.Build.0 = ServicePack|Any CPU
		{F455C73B-87A6-4815-A3FB-F19B286AE406}.ShapeBuilding Only|x86.ActiveCfg = ServicePack|Any CPU
		{71200AD5-44C5-4ABB-A8AB-014A60C923BF}.Debug|.NET.ActiveCfg = Debug|Any CPU
		{71200AD5-44C5-4ABB-A8AB-014A60C923BF}.Debug|.NET.Build.0 = Debug|Any CPU
		{71200AD5-44C5-4ABB-A8AB-014A60C923BF}.Debug|Any CPU.ActiveCfg = Debug|Any CPU
		{71200AD5-44C5-4ABB-A8AB-014A60C923BF}.Debug|Any CPU.Build.0 = Debug|Any CPU
		{71200AD5-44C5-4ABB-A8AB-014A60C923BF}.Debug|Mixed Platforms.ActiveCfg = Debug|Any CPU
		{71200AD5-44C5-4ABB-A8AB-014A60C923BF}.Debug|Mixed Platforms.Build.0 = Debug|Any CPU
		{71200AD5-44C5-4ABB-A8AB-014A60C923BF}.Debug|x86.ActiveCfg = Debug|Any CPU
		{71200AD5-44C5-4ABB-A8AB-014A60C923BF}.Install|.NET.ActiveCfg = Install|Any CPU
		{71200AD5-44C5-4ABB-A8AB-014A60C923BF}.Install|Any CPU.ActiveCfg = Install|Any CPU
		{71200AD5-44C5-4ABB-A8AB-014A60C923BF}.Install|Any CPU.Build.0 = Install|Any CPU
		{71200AD5-44C5-4ABB-A8AB-014A60C923BF}.Install|Mixed Platforms.ActiveCfg = Install|Any CPU
		{71200AD5-44C5-4ABB-A8AB-014A60C923BF}.Install|x86.ActiveCfg = Install|Any CPU
		{71200AD5-44C5-4ABB-A8AB-014A60C923BF}.Release|.NET.ActiveCfg = Release|Any CPU
		{71200AD5-44C5-4ABB-A8AB-014A60C923BF}.Release|.NET.Build.0 = Release|Any CPU
		{71200AD5-44C5-4ABB-A8AB-014A60C923BF}.Release|Any CPU.ActiveCfg = Release|Any CPU
		{71200AD5-44C5-4ABB-A8AB-014A60C923BF}.Release|Any CPU.Build.0 = Release|Any CPU
		{71200AD5-44C5-4ABB-A8AB-014A60C923BF}.Release|Mixed Platforms.ActiveCfg = Release|Any CPU
		{71200AD5-44C5-4ABB-A8AB-014A60C923BF}.Release|Mixed Platforms.Build.0 = Release|Any CPU
		{71200AD5-44C5-4ABB-A8AB-014A60C923BF}.Release|x86.ActiveCfg = Release|Any CPU
		{71200AD5-44C5-4ABB-A8AB-014A60C923BF}.ServicePack|.NET.ActiveCfg = ServicePack|Any CPU
		{71200AD5-44C5-4ABB-A8AB-014A60C923BF}.ServicePack|Any CPU.ActiveCfg = ServicePack|Any CPU
		{71200AD5-44C5-4ABB-A8AB-014A60C923BF}.ServicePack|Any CPU.Build.0 = ServicePack|Any CPU
		{71200AD5-44C5-4ABB-A8AB-014A60C923BF}.ServicePack|Mixed Platforms.ActiveCfg = ServicePack|Any CPU
		{71200AD5-44C5-4ABB-A8AB-014A60C923BF}.ServicePack|Mixed Platforms.Build.0 = ServicePack|Any CPU
		{71200AD5-44C5-4ABB-A8AB-014A60C923BF}.ServicePack|x86.ActiveCfg = ServicePack|Any CPU
		{71200AD5-44C5-4ABB-A8AB-014A60C923BF}.ShapeBuilding Only|.NET.ActiveCfg = Debug|Any CPU
		{71200AD5-44C5-4ABB-A8AB-014A60C923BF}.ShapeBuilding Only|Any CPU.ActiveCfg = ShapeBuilding Only|Any CPU
		{71200AD5-44C5-4ABB-A8AB-014A60C923BF}.ShapeBuilding Only|Any CPU.Build.0 = ShapeBuilding Only|Any CPU
		{71200AD5-44C5-4ABB-A8AB-014A60C923BF}.ShapeBuilding Only|Mixed Platforms.ActiveCfg = ShapeBuilding Only|Any CPU
		{71200AD5-44C5-4ABB-A8AB-014A60C923BF}.ShapeBuilding Only|Mixed Platforms.Build.0 = ShapeBuilding Only|Any CPU
		{71200AD5-44C5-4ABB-A8AB-014A60C923BF}.ShapeBuilding Only|x86.ActiveCfg = ShapeBuilding Only|Any CPU
		{3CE77700-4248-4E3A-B264-4D6A95F17B7C}.Debug|.NET.ActiveCfg = Debug|Any CPU
		{3CE77700-4248-4E3A-B264-4D6A95F17B7C}.Debug|.NET.Build.0 = Debug|Any CPU
		{3CE77700-4248-4E3A-B264-4D6A95F17B7C}.Debug|Any CPU.ActiveCfg = Debug|Any CPU
		{3CE77700-4248-4E3A-B264-4D6A95F17B7C}.Debug|Any CPU.Build.0 = Debug|Any CPU
		{3CE77700-4248-4E3A-B264-4D6A95F17B7C}.Debug|Mixed Platforms.ActiveCfg = Debug|Any CPU
		{3CE77700-4248-4E3A-B264-4D6A95F17B7C}.Debug|Mixed Platforms.Build.0 = Debug|Any CPU
		{3CE77700-4248-4E3A-B264-4D6A95F17B7C}.Debug|x86.ActiveCfg = Debug|Any CPU
		{3CE77700-4248-4E3A-B264-4D6A95F17B7C}.Install|.NET.ActiveCfg = Install|Any CPU
		{3CE77700-4248-4E3A-B264-4D6A95F17B7C}.Install|Any CPU.ActiveCfg = Install|Any CPU
		{3CE77700-4248-4E3A-B264-4D6A95F17B7C}.Install|Any CPU.Build.0 = Install|Any CPU
		{3CE77700-4248-4E3A-B264-4D6A95F17B7C}.Install|Mixed Platforms.ActiveCfg = Install|Any CPU
		{3CE77700-4248-4E3A-B264-4D6A95F17B7C}.Install|x86.ActiveCfg = Install|Any CPU
		{3CE77700-4248-4E3A-B264-4D6A95F17B7C}.Release|.NET.ActiveCfg = Release|Any CPU
		{3CE77700-4248-4E3A-B264-4D6A95F17B7C}.Release|.NET.Build.0 = Release|Any CPU
		{3CE77700-4248-4E3A-B264-4D6A95F17B7C}.Release|Any CPU.ActiveCfg = Release|Any CPU
		{3CE77700-4248-4E3A-B264-4D6A95F17B7C}.Release|Any CPU.Build.0 = Release|Any CPU
		{3CE77700-4248-4E3A-B264-4D6A95F17B7C}.Release|Mixed Platforms.ActiveCfg = Release|Any CPU
		{3CE77700-4248-4E3A-B264-4D6A95F17B7C}.Release|Mixed Platforms.Build.0 = Release|Any CPU
		{3CE77700-4248-4E3A-B264-4D6A95F17B7C}.Release|x86.ActiveCfg = Release|Any CPU
		{3CE77700-4248-4E3A-B264-4D6A95F17B7C}.ServicePack|.NET.ActiveCfg = ServicePack|Any CPU
		{3CE77700-4248-4E3A-B264-4D6A95F17B7C}.ServicePack|Any CPU.ActiveCfg = ServicePack|Any CPU
		{3CE77700-4248-4E3A-B264-4D6A95F17B7C}.ServicePack|Any CPU.Build.0 = ServicePack|Any CPU
		{3CE77700-4248-4E3A-B264-4D6A95F17B7C}.ServicePack|Mixed Platforms.ActiveCfg = ServicePack|Any CPU
		{3CE77700-4248-4E3A-B264-4D6A95F17B7C}.ServicePack|Mixed Platforms.Build.0 = ServicePack|Any CPU
		{3CE77700-4248-4E3A-B264-4D6A95F17B7C}.ServicePack|x86.ActiveCfg = ServicePack|Any CPU
		{3CE77700-4248-4E3A-B264-4D6A95F17B7C}.ShapeBuilding Only|.NET.ActiveCfg = Debug|Any CPU
		{3CE77700-4248-4E3A-B264-4D6A95F17B7C}.ShapeBuilding Only|Any CPU.ActiveCfg = ShapeBuilding Only|Any CPU
		{3CE77700-4248-4E3A-B264-4D6A95F17B7C}.ShapeBuilding Only|Any CPU.Build.0 = ShapeBuilding Only|Any CPU
		{3CE77700-4248-4E3A-B264-4D6A95F17B7C}.ShapeBuilding Only|Mixed Platforms.ActiveCfg = ShapeBuilding Only|Any CPU
		{3CE77700-4248-4E3A-B264-4D6A95F17B7C}.ShapeBuilding Only|Mixed Platforms.Build.0 = ShapeBuilding Only|Any CPU
		{3CE77700-4248-4E3A-B264-4D6A95F17B7C}.ShapeBuilding Only|x86.ActiveCfg = ShapeBuilding Only|Any CPU
		{8F7E3611-6B54-4C3E-8795-90453172D628}.Debug|.NET.ActiveCfg = Debug|Any CPU
		{8F7E3611-6B54-4C3E-8795-90453172D628}.Debug|.NET.Build.0 = Debug|Any CPU
		{8F7E3611-6B54-4C3E-8795-90453172D628}.Debug|Any CPU.ActiveCfg = Debug|Any CPU
		{8F7E3611-6B54-4C3E-8795-90453172D628}.Debug|Any CPU.Build.0 = Debug|Any CPU
		{8F7E3611-6B54-4C3E-8795-90453172D628}.Debug|Mixed Platforms.ActiveCfg = Debug|Any CPU
		{8F7E3611-6B54-4C3E-8795-90453172D628}.Debug|Mixed Platforms.Build.0 = Debug|Any CPU
		{8F7E3611-6B54-4C3E-8795-90453172D628}.Debug|x86.ActiveCfg = Debug|Any CPU
		{8F7E3611-6B54-4C3E-8795-90453172D628}.Install|.NET.ActiveCfg = Install|Any CPU
		{8F7E3611-6B54-4C3E-8795-90453172D628}.Install|Any CPU.ActiveCfg = Install|Any CPU
		{8F7E3611-6B54-4C3E-8795-90453172D628}.Install|Any CPU.Build.0 = Install|Any CPU
		{8F7E3611-6B54-4C3E-8795-90453172D628}.Install|Mixed Platforms.ActiveCfg = Install|Any CPU
		{8F7E3611-6B54-4C3E-8795-90453172D628}.Install|x86.ActiveCfg = Install|Any CPU
		{8F7E3611-6B54-4C3E-8795-90453172D628}.Release|.NET.ActiveCfg = Release|Any CPU
		{8F7E3611-6B54-4C3E-8795-90453172D628}.Release|.NET.Build.0 = Release|Any CPU
		{8F7E3611-6B54-4C3E-8795-90453172D628}.Release|Any CPU.ActiveCfg = Release|Any CPU
		{8F7E3611-6B54-4C3E-8795-90453172D628}.Release|Any CPU.Build.0 = Release|Any CPU
		{8F7E3611-6B54-4C3E-8795-90453172D628}.Release|Mixed Platforms.ActiveCfg = Release|Any CPU
		{8F7E3611-6B54-4C3E-8795-90453172D628}.Release|Mixed Platforms.Build.0 = Release|Any CPU
		{8F7E3611-6B54-4C3E-8795-90453172D628}.Release|x86.ActiveCfg = Release|Any CPU
		{8F7E3611-6B54-4C3E-8795-90453172D628}.ServicePack|.NET.ActiveCfg = ServicePack|Any CPU
		{8F7E3611-6B54-4C3E-8795-90453172D628}.ServicePack|Any CPU.ActiveCfg = ServicePack|Any CPU
		{8F7E3611-6B54-4C3E-8795-90453172D628}.ServicePack|Any CPU.Build.0 = ServicePack|Any CPU
		{8F7E3611-6B54-4C3E-8795-90453172D628}.ServicePack|Mixed Platforms.ActiveCfg = ServicePack|Any CPU
		{8F7E3611-6B54-4C3E-8795-90453172D628}.ServicePack|Mixed Platforms.Build.0 = ServicePack|Any CPU
		{8F7E3611-6B54-4C3E-8795-90453172D628}.ServicePack|x86.ActiveCfg = ServicePack|Any CPU
		{8F7E3611-6B54-4C3E-8795-90453172D628}.ShapeBuilding Only|.NET.ActiveCfg = Debug|Any CPU
		{8F7E3611-6B54-4C3E-8795-90453172D628}.ShapeBuilding Only|Any CPU.ActiveCfg = ShapeBuilding Only|Any CPU
		{8F7E3611-6B54-4C3E-8795-90453172D628}.ShapeBuilding Only|Any CPU.Build.0 = ShapeBuilding Only|Any CPU
		{8F7E3611-6B54-4C3E-8795-90453172D628}.ShapeBuilding Only|Mixed Platforms.ActiveCfg = ShapeBuilding Only|Any CPU
		{8F7E3611-6B54-4C3E-8795-90453172D628}.ShapeBuilding Only|Mixed Platforms.Build.0 = ShapeBuilding Only|Any CPU
		{8F7E3611-6B54-4C3E-8795-90453172D628}.ShapeBuilding Only|x86.ActiveCfg = ShapeBuilding Only|Any CPU
		{ED9F3CFD-303E-49CF-AC53-2E830699AEAF}.Debug|.NET.ActiveCfg = Debug|Any CPU
		{ED9F3CFD-303E-49CF-AC53-2E830699AEAF}.Debug|.NET.Build.0 = Debug|Any CPU
		{ED9F3CFD-303E-49CF-AC53-2E830699AEAF}.Debug|Any CPU.ActiveCfg = Debug|Any CPU
		{ED9F3CFD-303E-49CF-AC53-2E830699AEAF}.Debug|Any CPU.Build.0 = Debug|Any CPU
		{ED9F3CFD-303E-49CF-AC53-2E830699AEAF}.Debug|Mixed Platforms.ActiveCfg = Debug|Any CPU
		{ED9F3CFD-303E-49CF-AC53-2E830699AEAF}.Debug|Mixed Platforms.Build.0 = Debug|Any CPU
		{ED9F3CFD-303E-49CF-AC53-2E830699AEAF}.Debug|x86.ActiveCfg = Debug|Any CPU
		{ED9F3CFD-303E-49CF-AC53-2E830699AEAF}.Install|.NET.ActiveCfg = Install|Any CPU
		{ED9F3CFD-303E-49CF-AC53-2E830699AEAF}.Install|Any CPU.ActiveCfg = Install|Any CPU
		{ED9F3CFD-303E-49CF-AC53-2E830699AEAF}.Install|Any CPU.Build.0 = Install|Any CPU
		{ED9F3CFD-303E-49CF-AC53-2E830699AEAF}.Install|Mixed Platforms.ActiveCfg = Install|Any CPU
		{ED9F3CFD-303E-49CF-AC53-2E830699AEAF}.Install|x86.ActiveCfg = Install|Any CPU
		{ED9F3CFD-303E-49CF-AC53-2E830699AEAF}.Release|.NET.ActiveCfg = Release|Any CPU
		{ED9F3CFD-303E-49CF-AC53-2E830699AEAF}.Release|.NET.Build.0 = Release|Any CPU
		{ED9F3CFD-303E-49CF-AC53-2E830699AEAF}.Release|Any CPU.ActiveCfg = Release|Any CPU
		{ED9F3CFD-303E-49CF-AC53-2E830699AEAF}.Release|Any CPU.Build.0 = Release|Any CPU
		{ED9F3CFD-303E-49CF-AC53-2E830699AEAF}.Release|Mixed Platforms.ActiveCfg = Release|Any CPU
		{ED9F3CFD-303E-49CF-AC53-2E830699AEAF}.Release|Mixed Platforms.Build.0 = Release|Any CPU
		{ED9F3CFD-303E-49CF-AC53-2E830699AEAF}.Release|x86.ActiveCfg = Release|Any CPU
		{ED9F3CFD-303E-49CF-AC53-2E830699AEAF}.ServicePack|.NET.ActiveCfg = ServicePack|Any CPU
		{ED9F3CFD-303E-49CF-AC53-2E830699AEAF}.ServicePack|Any CPU.ActiveCfg = ServicePack|Any CPU
		{ED9F3CFD-303E-49CF-AC53-2E830699AEAF}.ServicePack|Any CPU.Build.0 = ServicePack|Any CPU
		{ED9F3CFD-303E-49CF-AC53-2E830699AEAF}.ServicePack|Mixed Platforms.ActiveCfg = ServicePack|Any CPU
		{ED9F3CFD-303E-49CF-AC53-2E830699AEAF}.ServicePack|Mixed Platforms.Build.0 = ServicePack|Any CPU
		{ED9F3CFD-303E-49CF-AC53-2E830699AEAF}.ServicePack|x86.ActiveCfg = ServicePack|Any CPU
		{ED9F3CFD-303E-49CF-AC53-2E830699AEAF}.ShapeBuilding Only|.NET.ActiveCfg = Debug|Any CPU
		{ED9F3CFD-303E-49CF-AC53-2E830699AEAF}.ShapeBuilding Only|Any CPU.ActiveCfg = ServicePack|Any CPU
		{ED9F3CFD-303E-49CF-AC53-2E830699AEAF}.ShapeBuilding Only|Any CPU.Build.0 = ServicePack|Any CPU
		{ED9F3CFD-303E-49CF-AC53-2E830699AEAF}.ShapeBuilding Only|Mixed Platforms.ActiveCfg = ServicePack|Any CPU
		{ED9F3CFD-303E-49CF-AC53-2E830699AEAF}.ShapeBuilding Only|Mixed Platforms.Build.0 = ServicePack|Any CPU
		{ED9F3CFD-303E-49CF-AC53-2E830699AEAF}.ShapeBuilding Only|x86.ActiveCfg = ServicePack|Any CPU
		{645A64F9-27CD-453C-96E0-9DF733D035B1}.Debug|.NET.ActiveCfg = Debug|Any CPU
		{645A64F9-27CD-453C-96E0-9DF733D035B1}.Debug|.NET.Build.0 = Debug|Any CPU
		{645A64F9-27CD-453C-96E0-9DF733D035B1}.Debug|Any CPU.ActiveCfg = Debug|Any CPU
		{645A64F9-27CD-453C-96E0-9DF733D035B1}.Debug|Any CPU.Build.0 = Debug|Any CPU
		{645A64F9-27CD-453C-96E0-9DF733D035B1}.Debug|Mixed Platforms.ActiveCfg = Debug|Any CPU
		{645A64F9-27CD-453C-96E0-9DF733D035B1}.Debug|Mixed Platforms.Build.0 = Debug|Any CPU
		{645A64F9-27CD-453C-96E0-9DF733D035B1}.Debug|x86.ActiveCfg = Debug|Any CPU
		{645A64F9-27CD-453C-96E0-9DF733D035B1}.Install|.NET.ActiveCfg = Install|Any CPU
		{645A64F9-27CD-453C-96E0-9DF733D035B1}.Install|Any CPU.ActiveCfg = Install|Any CPU
		{645A64F9-27CD-453C-96E0-9DF733D035B1}.Install|Any CPU.Build.0 = Install|Any CPU
		{645A64F9-27CD-453C-96E0-9DF733D035B1}.Install|Mixed Platforms.ActiveCfg = Install|Any CPU
		{645A64F9-27CD-453C-96E0-9DF733D035B1}.Install|x86.ActiveCfg = Install|Any CPU
		{645A64F9-27CD-453C-96E0-9DF733D035B1}.Release|.NET.ActiveCfg = Release|Any CPU
		{645A64F9-27CD-453C-96E0-9DF733D035B1}.Release|.NET.Build.0 = Release|Any CPU
		{645A64F9-27CD-453C-96E0-9DF733D035B1}.Release|Any CPU.ActiveCfg = Release|Any CPU
		{645A64F9-27CD-453C-96E0-9DF733D035B1}.Release|Any CPU.Build.0 = Release|Any CPU
		{645A64F9-27CD-453C-96E0-9DF733D035B1}.Release|Mixed Platforms.ActiveCfg = Release|Any CPU
		{645A64F9-27CD-453C-96E0-9DF733D035B1}.Release|Mixed Platforms.Build.0 = Release|Any CPU
		{645A64F9-27CD-453C-96E0-9DF733D035B1}.Release|x86.ActiveCfg = Release|Any CPU
		{645A64F9-27CD-453C-96E0-9DF733D035B1}.ServicePack|.NET.ActiveCfg = ServicePack|Any CPU
		{645A64F9-27CD-453C-96E0-9DF733D035B1}.ServicePack|Any CPU.ActiveCfg = ServicePack|Any CPU
		{645A64F9-27CD-453C-96E0-9DF733D035B1}.ServicePack|Any CPU.Build.0 = ServicePack|Any CPU
		{645A64F9-27CD-453C-96E0-9DF733D035B1}.ServicePack|Mixed Platforms.ActiveCfg = ServicePack|Any CPU
		{645A64F9-27CD-453C-96E0-9DF733D035B1}.ServicePack|Mixed Platforms.Build.0 = ServicePack|Any CPU
		{645A64F9-27CD-453C-96E0-9DF733D035B1}.ServicePack|x86.ActiveCfg = ServicePack|Any CPU
		{645A64F9-27CD-453C-96E0-9DF733D035B1}.ShapeBuilding Only|.NET.ActiveCfg = Debug|Any CPU
		{645A64F9-27CD-453C-96E0-9DF733D035B1}.ShapeBuilding Only|Any CPU.ActiveCfg = ServicePack|Any CPU
		{645A64F9-27CD-453C-96E0-9DF733D035B1}.ShapeBuilding Only|Any CPU.Build.0 = ServicePack|Any CPU
		{645A64F9-27CD-453C-96E0-9DF733D035B1}.ShapeBuilding Only|Mixed Platforms.ActiveCfg = ServicePack|Any CPU
		{645A64F9-27CD-453C-96E0-9DF733D035B1}.ShapeBuilding Only|Mixed Platforms.Build.0 = ServicePack|Any CPU
		{645A64F9-27CD-453C-96E0-9DF733D035B1}.ShapeBuilding Only|x86.ActiveCfg = ServicePack|Any CPU
		{86DE2EA4-EC67-4F0A-BC70-7E23BF009D64}.Debug|.NET.ActiveCfg = Debug|Any CPU
		{86DE2EA4-EC67-4F0A-BC70-7E23BF009D64}.Debug|.NET.Build.0 = Debug|Any CPU
		{86DE2EA4-EC67-4F0A-BC70-7E23BF009D64}.Debug|Any CPU.ActiveCfg = Debug|Any CPU
		{86DE2EA4-EC67-4F0A-BC70-7E23BF009D64}.Debug|Any CPU.Build.0 = Debug|Any CPU
		{86DE2EA4-EC67-4F0A-BC70-7E23BF009D64}.Debug|Mixed Platforms.ActiveCfg = Debug|Any CPU
		{86DE2EA4-EC67-4F0A-BC70-7E23BF009D64}.Debug|Mixed Platforms.Build.0 = Debug|Any CPU
		{86DE2EA4-EC67-4F0A-BC70-7E23BF009D64}.Debug|x86.ActiveCfg = Debug|Any CPU
		{86DE2EA4-EC67-4F0A-BC70-7E23BF009D64}.Install|.NET.ActiveCfg = Install|Any CPU
		{86DE2EA4-EC67-4F0A-BC70-7E23BF009D64}.Install|Any CPU.ActiveCfg = Install|Any CPU
		{86DE2EA4-EC67-4F0A-BC70-7E23BF009D64}.Install|Any CPU.Build.0 = Install|Any CPU
		{86DE2EA4-EC67-4F0A-BC70-7E23BF009D64}.Install|Mixed Platforms.ActiveCfg = Install|Any CPU
		{86DE2EA4-EC67-4F0A-BC70-7E23BF009D64}.Install|x86.ActiveCfg = Install|Any CPU
		{86DE2EA4-EC67-4F0A-BC70-7E23BF009D64}.Release|.NET.ActiveCfg = Release|Any CPU
		{86DE2EA4-EC67-4F0A-BC70-7E23BF009D64}.Release|.NET.Build.0 = Release|Any CPU
		{86DE2EA4-EC67-4F0A-BC70-7E23BF009D64}.Release|Any CPU.ActiveCfg = Release|Any CPU
		{86DE2EA4-EC67-4F0A-BC70-7E23BF009D64}.Release|Any CPU.Build.0 = Release|Any CPU
		{86DE2EA4-EC67-4F0A-BC70-7E23BF009D64}.Release|Mixed Platforms.ActiveCfg = Release|Any CPU
		{86DE2EA4-EC67-4F0A-BC70-7E23BF009D64}.Release|Mixed Platforms.Build.0 = Release|Any CPU
		{86DE2EA4-EC67-4F0A-BC70-7E23BF009D64}.Release|x86.ActiveCfg = Release|Any CPU
		{86DE2EA4-EC67-4F0A-BC70-7E23BF009D64}.ServicePack|.NET.ActiveCfg = ServicePack|Any CPU
		{86DE2EA4-EC67-4F0A-BC70-7E23BF009D64}.ServicePack|Any CPU.ActiveCfg = ServicePack|Any CPU
		{86DE2EA4-EC67-4F0A-BC70-7E23BF009D64}.ServicePack|Any CPU.Build.0 = ServicePack|Any CPU
		{86DE2EA4-EC67-4F0A-BC70-7E23BF009D64}.ServicePack|Mixed Platforms.ActiveCfg = ServicePack|Any CPU
		{86DE2EA4-EC67-4F0A-BC70-7E23BF009D64}.ServicePack|Mixed Platforms.Build.0 = ServicePack|Any CPU
		{86DE2EA4-EC67-4F0A-BC70-7E23BF009D64}.ServicePack|x86.ActiveCfg = ServicePack|Any CPU
		{86DE2EA4-EC67-4F0A-BC70-7E23BF009D64}.ShapeBuilding Only|.NET.ActiveCfg = Debug|Any CPU
		{86DE2EA4-EC67-4F0A-BC70-7E23BF009D64}.ShapeBuilding Only|Any CPU.ActiveCfg = ShapeBuilding Only|Any CPU
		{86DE2EA4-EC67-4F0A-BC70-7E23BF009D64}.ShapeBuilding Only|Any CPU.Build.0 = ShapeBuilding Only|Any CPU
		{86DE2EA4-EC67-4F0A-BC70-7E23BF009D64}.ShapeBuilding Only|Mixed Platforms.ActiveCfg = ShapeBuilding Only|Any CPU
		{86DE2EA4-EC67-4F0A-BC70-7E23BF009D64}.ShapeBuilding Only|Mixed Platforms.Build.0 = ShapeBuilding Only|Any CPU
		{86DE2EA4-EC67-4F0A-BC70-7E23BF009D64}.ShapeBuilding Only|x86.ActiveCfg = ShapeBuilding Only|Any CPU
		{86FA531A-298B-473E-A40F-D53D058D9A3F}.Debug|.NET.ActiveCfg = Debug|Any CPU
		{86FA531A-298B-473E-A40F-D53D058D9A3F}.Debug|.NET.Build.0 = Debug|Any CPU
		{86FA531A-298B-473E-A40F-D53D058D9A3F}.Debug|Any CPU.ActiveCfg = Debug|Any CPU
		{86FA531A-298B-473E-A40F-D53D058D9A3F}.Debug|Any CPU.Build.0 = Debug|Any CPU
		{86FA531A-298B-473E-A40F-D53D058D9A3F}.Debug|Mixed Platforms.ActiveCfg = Debug|Any CPU
		{86FA531A-298B-473E-A40F-D53D058D9A3F}.Debug|Mixed Platforms.Build.0 = Debug|Any CPU
		{86FA531A-298B-473E-A40F-D53D058D9A3F}.Debug|x86.ActiveCfg = Debug|Any CPU
		{86FA531A-298B-473E-A40F-D53D058D9A3F}.Install|.NET.ActiveCfg = Install|Any CPU
		{86FA531A-298B-473E-A40F-D53D058D9A3F}.Install|Any CPU.ActiveCfg = Install|Any CPU
		{86FA531A-298B-473E-A40F-D53D058D9A3F}.Install|Any CPU.Build.0 = Install|Any CPU
		{86FA531A-298B-473E-A40F-D53D058D9A3F}.Install|Mixed Platforms.ActiveCfg = Install|Any CPU
		{86FA531A-298B-473E-A40F-D53D058D9A3F}.Install|x86.ActiveCfg = Install|Any CPU
		{86FA531A-298B-473E-A40F-D53D058D9A3F}.Release|.NET.ActiveCfg = Release|Any CPU
		{86FA531A-298B-473E-A40F-D53D058D9A3F}.Release|.NET.Build.0 = Release|Any CPU
		{86FA531A-298B-473E-A40F-D53D058D9A3F}.Release|Any CPU.ActiveCfg = Release|Any CPU
		{86FA531A-298B-473E-A40F-D53D058D9A3F}.Release|Any CPU.Build.0 = Release|Any CPU
		{86FA531A-298B-473E-A40F-D53D058D9A3F}.Release|Mixed Platforms.ActiveCfg = Release|Any CPU
		{86FA531A-298B-473E-A40F-D53D058D9A3F}.Release|Mixed Platforms.Build.0 = Release|Any CPU
		{86FA531A-298B-473E-A40F-D53D058D9A3F}.Release|x86.ActiveCfg = Release|Any CPU
		{86FA531A-298B-473E-A40F-D53D058D9A3F}.ServicePack|.NET.ActiveCfg = ServicePack|Any CPU
		{86FA531A-298B-473E-A40F-D53D058D9A3F}.ServicePack|Any CPU.ActiveCfg = ServicePack|Any CPU
		{86FA531A-298B-473E-A40F-D53D058D9A3F}.ServicePack|Any CPU.Build.0 = ServicePack|Any CPU
		{86FA531A-298B-473E-A40F-D53D058D9A3F}.ServicePack|Mixed Platforms.ActiveCfg = ServicePack|Any CPU
		{86FA531A-298B-473E-A40F-D53D058D9A3F}.ServicePack|Mixed Platforms.Build.0 = ServicePack|Any CPU
		{86FA531A-298B-473E-A40F-D53D058D9A3F}.ServicePack|x86.ActiveCfg = ServicePack|Any CPU
		{86FA531A-298B-473E-A40F-D53D058D9A3F}.ShapeBuilding Only|.NET.ActiveCfg = Debug|Any CPU
		{86FA531A-298B-473E-A40F-D53D058D9A3F}.ShapeBuilding Only|Any CPU.ActiveCfg = ServicePack|Any CPU
		{86FA531A-298B-473E-A40F-D53D058D9A3F}.ShapeBuilding Only|Any CPU.Build.0 = ServicePack|Any CPU
		{86FA531A-298B-473E-A40F-D53D058D9A3F}.ShapeBuilding Only|Mixed Platforms.ActiveCfg = ServicePack|Any CPU
		{86FA531A-298B-473E-A40F-D53D058D9A3F}.ShapeBuilding Only|Mixed Platforms.Build.0 = ServicePack|Any CPU
		{86FA531A-298B-473E-A40F-D53D058D9A3F}.ShapeBuilding Only|x86.ActiveCfg = ServicePack|Any CPU
		{FA0415E3-5C92-4224-814D-E06B3EF0AC6D}.Debug|.NET.ActiveCfg = Debug|Any CPU
		{FA0415E3-5C92-4224-814D-E06B3EF0AC6D}.Debug|.NET.Build.0 = Debug|Any CPU
		{FA0415E3-5C92-4224-814D-E06B3EF0AC6D}.Debug|Any CPU.ActiveCfg = Debug|Any CPU
		{FA0415E3-5C92-4224-814D-E06B3EF0AC6D}.Debug|Any CPU.Build.0 = Debug|Any CPU
		{FA0415E3-5C92-4224-814D-E06B3EF0AC6D}.Debug|Mixed Platforms.ActiveCfg = Debug|Any CPU
		{FA0415E3-5C92-4224-814D-E06B3EF0AC6D}.Debug|Mixed Platforms.Build.0 = Debug|Any CPU
		{FA0415E3-5C92-4224-814D-E06B3EF0AC6D}.Debug|x86.ActiveCfg = Debug|Any CPU
		{FA0415E3-5C92-4224-814D-E06B3EF0AC6D}.Install|.NET.ActiveCfg = Install|Any CPU
		{FA0415E3-5C92-4224-814D-E06B3EF0AC6D}.Install|Any CPU.ActiveCfg = Install|Any CPU
		{FA0415E3-5C92-4224-814D-E06B3EF0AC6D}.Install|Any CPU.Build.0 = Install|Any CPU
		{FA0415E3-5C92-4224-814D-E06B3EF0AC6D}.Install|Mixed Platforms.ActiveCfg = Install|Any CPU
		{FA0415E3-5C92-4224-814D-E06B3EF0AC6D}.Install|x86.ActiveCfg = Install|Any CPU
		{FA0415E3-5C92-4224-814D-E06B3EF0AC6D}.Release|.NET.ActiveCfg = Release|Any CPU
		{FA0415E3-5C92-4224-814D-E06B3EF0AC6D}.Release|.NET.Build.0 = Release|Any CPU
		{FA0415E3-5C92-4224-814D-E06B3EF0AC6D}.Release|Any CPU.ActiveCfg = Release|Any CPU
		{FA0415E3-5C92-4224-814D-E06B3EF0AC6D}.Release|Any CPU.Build.0 = Release|Any CPU
		{FA0415E3-5C92-4224-814D-E06B3EF0AC6D}.Release|Mixed Platforms.ActiveCfg = Release|Any CPU
		{FA0415E3-5C92-4224-814D-E06B3EF0AC6D}.Release|Mixed Platforms.Build.0 = Release|Any CPU
		{FA0415E3-5C92-4224-814D-E06B3EF0AC6D}.Release|x86.ActiveCfg = Release|Any CPU
		{FA0415E3-5C92-4224-814D-E06B3EF0AC6D}.ServicePack|.NET.ActiveCfg = ServicePack|Any CPU
		{FA0415E3-5C92-4224-814D-E06B3EF0AC6D}.ServicePack|Any CPU.ActiveCfg = ServicePack|Any CPU
		{FA0415E3-5C92-4224-814D-E06B3EF0AC6D}.ServicePack|Any CPU.Build.0 = ServicePack|Any CPU
		{FA0415E3-5C92-4224-814D-E06B3EF0AC6D}.ServicePack|Mixed Platforms.ActiveCfg = ServicePack|Any CPU
		{FA0415E3-5C92-4224-814D-E06B3EF0AC6D}.ServicePack|Mixed Platforms.Build.0 = ServicePack|Any CPU
		{FA0415E3-5C92-4224-814D-E06B3EF0AC6D}.ServicePack|x86.ActiveCfg = ServicePack|Any CPU
		{FA0415E3-5C92-4224-814D-E06B3EF0AC6D}.ShapeBuilding Only|.NET.ActiveCfg = Debug|Any CPU
		{FA0415E3-5C92-4224-814D-E06B3EF0AC6D}.ShapeBuilding Only|Any CPU.ActiveCfg = ServicePack|Any CPU
		{FA0415E3-5C92-4224-814D-E06B3EF0AC6D}.ShapeBuilding Only|Any CPU.Build.0 = ServicePack|Any CPU
		{FA0415E3-5C92-4224-814D-E06B3EF0AC6D}.ShapeBuilding Only|Mixed Platforms.ActiveCfg = ServicePack|Any CPU
		{FA0415E3-5C92-4224-814D-E06B3EF0AC6D}.ShapeBuilding Only|Mixed Platforms.Build.0 = ServicePack|Any CPU
		{FA0415E3-5C92-4224-814D-E06B3EF0AC6D}.ShapeBuilding Only|x86.ActiveCfg = ServicePack|Any CPU
		{876BD4A0-0663-4F72-8089-501C8BA527D8}.Debug|.NET.ActiveCfg = Debug|Any CPU
		{876BD4A0-0663-4F72-8089-501C8BA527D8}.Debug|Any CPU.ActiveCfg = Debug|Any CPU
		{876BD4A0-0663-4F72-8089-501C8BA527D8}.Debug|Any CPU.Build.0 = Debug|Any CPU
		{876BD4A0-0663-4F72-8089-501C8BA527D8}.Debug|Mixed Platforms.ActiveCfg = Debug|Any CPU
		{876BD4A0-0663-4F72-8089-501C8BA527D8}.Debug|Mixed Platforms.Build.0 = Debug|Any CPU
		{876BD4A0-0663-4F72-8089-501C8BA527D8}.Debug|x86.ActiveCfg = Debug|Any CPU
		{876BD4A0-0663-4F72-8089-501C8BA527D8}.Install|.NET.ActiveCfg = Install|Any CPU
		{876BD4A0-0663-4F72-8089-501C8BA527D8}.Install|Any CPU.ActiveCfg = Install|Any CPU
		{876BD4A0-0663-4F72-8089-501C8BA527D8}.Install|Any CPU.Build.0 = Install|Any CPU
		{876BD4A0-0663-4F72-8089-501C8BA527D8}.Install|Mixed Platforms.ActiveCfg = Install|Any CPU
		{876BD4A0-0663-4F72-8089-501C8BA527D8}.Install|x86.ActiveCfg = Install|Any CPU
		{876BD4A0-0663-4F72-8089-501C8BA527D8}.Release|.NET.ActiveCfg = Release|Any CPU
		{876BD4A0-0663-4F72-8089-501C8BA527D8}.Release|Any CPU.ActiveCfg = Release|Any CPU
		{876BD4A0-0663-4F72-8089-501C8BA527D8}.Release|Any CPU.Build.0 = Release|Any CPU
		{876BD4A0-0663-4F72-8089-501C8BA527D8}.Release|Mixed Platforms.ActiveCfg = Release|Any CPU
		{876BD4A0-0663-4F72-8089-501C8BA527D8}.Release|Mixed Platforms.Build.0 = Release|Any CPU
		{876BD4A0-0663-4F72-8089-501C8BA527D8}.Release|x86.ActiveCfg = Release|Any CPU
		{876BD4A0-0663-4F72-8089-501C8BA527D8}.ServicePack|.NET.ActiveCfg = ShapeBuilding Only|Any CPU
		{876BD4A0-0663-4F72-8089-501C8BA527D8}.ServicePack|Any CPU.ActiveCfg = ShapeBuilding Only|Any CPU
		{876BD4A0-0663-4F72-8089-501C8BA527D8}.ServicePack|Any CPU.Build.0 = ShapeBuilding Only|Any CPU
		{876BD4A0-0663-4F72-8089-501C8BA527D8}.ServicePack|Mixed Platforms.ActiveCfg = ShapeBuilding Only|Any CPU
		{876BD4A0-0663-4F72-8089-501C8BA527D8}.ServicePack|Mixed Platforms.Build.0 = ShapeBuilding Only|Any CPU
		{876BD4A0-0663-4F72-8089-501C8BA527D8}.ServicePack|x86.ActiveCfg = ShapeBuilding Only|Any CPU
		{876BD4A0-0663-4F72-8089-501C8BA527D8}.ShapeBuilding Only|.NET.ActiveCfg = Debug|Any CPU
		{876BD4A0-0663-4F72-8089-501C8BA527D8}.ShapeBuilding Only|.NET.Build.0 = Debug|Any CPU
		{876BD4A0-0663-4F72-8089-501C8BA527D8}.ShapeBuilding Only|Any CPU.ActiveCfg = ShapeBuilding Only|Any CPU
		{876BD4A0-0663-4F72-8089-501C8BA527D8}.ShapeBuilding Only|Any CPU.Build.0 = ShapeBuilding Only|Any CPU
		{876BD4A0-0663-4F72-8089-501C8BA527D8}.ShapeBuilding Only|Mixed Platforms.ActiveCfg = ShapeBuilding Only|Any CPU
		{876BD4A0-0663-4F72-8089-501C8BA527D8}.ShapeBuilding Only|Mixed Platforms.Build.0 = ShapeBuilding Only|Any CPU
		{876BD4A0-0663-4F72-8089-501C8BA527D8}.ShapeBuilding Only|x86.ActiveCfg = ShapeBuilding Only|Any CPU
		{B72D3674-44C0-49FE-A4F1-64910F292641}.Debug|.NET.ActiveCfg = Debug|Any CPU
		{B72D3674-44C0-49FE-A4F1-64910F292641}.Debug|.NET.Build.0 = Debug|Any CPU
		{B72D3674-44C0-49FE-A4F1-64910F292641}.Debug|Any CPU.ActiveCfg = Debug|Any CPU
		{B72D3674-44C0-49FE-A4F1-64910F292641}.Debug|Any CPU.Build.0 = Debug|Any CPU
		{B72D3674-44C0-49FE-A4F1-64910F292641}.Debug|Mixed Platforms.ActiveCfg = Debug|Any CPU
		{B72D3674-44C0-49FE-A4F1-64910F292641}.Debug|Mixed Platforms.Build.0 = Debug|Any CPU
		{B72D3674-44C0-49FE-A4F1-64910F292641}.Debug|x86.ActiveCfg = Debug|Any CPU
		{B72D3674-44C0-49FE-A4F1-64910F292641}.Install|.NET.ActiveCfg = GenerateDebug|Any CPU
		{B72D3674-44C0-49FE-A4F1-64910F292641}.Install|Any CPU.ActiveCfg = GenerateDebug|Any CPU
		{B72D3674-44C0-49FE-A4F1-64910F292641}.Install|Any CPU.Build.0 = GenerateDebug|Any CPU
		{B72D3674-44C0-49FE-A4F1-64910F292641}.Install|Mixed Platforms.ActiveCfg = GenerateDebug|Any CPU
		{B72D3674-44C0-49FE-A4F1-64910F292641}.Install|Mixed Platforms.Build.0 = GenerateDebug|Any CPU
		{B72D3674-44C0-49FE-A4F1-64910F292641}.Install|x86.ActiveCfg = GenerateDebug|Any CPU
		{B72D3674-44C0-49FE-A4F1-64910F292641}.Release|.NET.ActiveCfg = Release|Any CPU
		{B72D3674-44C0-49FE-A4F1-64910F292641}.Release|.NET.Build.0 = Release|Any CPU
		{B72D3674-44C0-49FE-A4F1-64910F292641}.Release|Any CPU.ActiveCfg = Release|Any CPU
		{B72D3674-44C0-49FE-A4F1-64910F292641}.Release|Any CPU.Build.0 = Release|Any CPU
		{B72D3674-44C0-49FE-A4F1-64910F292641}.Release|Mixed Platforms.ActiveCfg = Release|Any CPU
		{B72D3674-44C0-49FE-A4F1-64910F292641}.Release|Mixed Platforms.Build.0 = Release|Any CPU
		{B72D3674-44C0-49FE-A4F1-64910F292641}.Release|x86.ActiveCfg = Release|Any CPU
		{B72D3674-44C0-49FE-A4F1-64910F292641}.ServicePack|.NET.ActiveCfg = GenerateDebug|Any CPU
		{B72D3674-44C0-49FE-A4F1-64910F292641}.ServicePack|Any CPU.ActiveCfg = GenerateDebug|Any CPU
		{B72D3674-44C0-49FE-A4F1-64910F292641}.ServicePack|Any CPU.Build.0 = GenerateDebug|Any CPU
		{B72D3674-44C0-49FE-A4F1-64910F292641}.ServicePack|Mixed Platforms.ActiveCfg = GenerateDebug|Any CPU
		{B72D3674-44C0-49FE-A4F1-64910F292641}.ServicePack|Mixed Platforms.Build.0 = GenerateDebug|Any CPU
		{B72D3674-44C0-49FE-A4F1-64910F292641}.ServicePack|x86.ActiveCfg = GenerateDebug|Any CPU
		{B72D3674-44C0-49FE-A4F1-64910F292641}.ShapeBuilding Only|.NET.ActiveCfg = Debug|Any CPU
		{B72D3674-44C0-49FE-A4F1-64910F292641}.ShapeBuilding Only|Any CPU.ActiveCfg = GenerateDebug|Any CPU
		{B72D3674-44C0-49FE-A4F1-64910F292641}.ShapeBuilding Only|Any CPU.Build.0 = GenerateDebug|Any CPU
		{B72D3674-44C0-49FE-A4F1-64910F292641}.ShapeBuilding Only|Mixed Platforms.ActiveCfg = GenerateDebug|Any CPU
		{B72D3674-44C0-49FE-A4F1-64910F292641}.ShapeBuilding Only|Mixed Platforms.Build.0 = GenerateDebug|Any CPU
		{B72D3674-44C0-49FE-A4F1-64910F292641}.ShapeBuilding Only|x86.ActiveCfg = GenerateDebug|Any CPU
		{02252C54-158A-4DD2-928C-75A3906CCFA9}.Debug|.NET.ActiveCfg = Debug|Any CPU
		{02252C54-158A-4DD2-928C-75A3906CCFA9}.Debug|.NET.Build.0 = Debug|Any CPU
		{02252C54-158A-4DD2-928C-75A3906CCFA9}.Debug|Any CPU.ActiveCfg = Debug|Any CPU
		{02252C54-158A-4DD2-928C-75A3906CCFA9}.Debug|Any CPU.Build.0 = Debug|Any CPU
		{02252C54-158A-4DD2-928C-75A3906CCFA9}.Debug|Mixed Platforms.ActiveCfg = Debug|Any CPU
		{02252C54-158A-4DD2-928C-75A3906CCFA9}.Debug|Mixed Platforms.Build.0 = Debug|Any CPU
		{02252C54-158A-4DD2-928C-75A3906CCFA9}.Debug|x86.ActiveCfg = Debug|Any CPU
		{02252C54-158A-4DD2-928C-75A3906CCFA9}.Install|.NET.ActiveCfg = GenerateDebug|Any CPU
		{02252C54-158A-4DD2-928C-75A3906CCFA9}.Install|Any CPU.ActiveCfg = GenerateDebug|Any CPU
		{02252C54-158A-4DD2-928C-75A3906CCFA9}.Install|Any CPU.Build.0 = GenerateDebug|Any CPU
		{02252C54-158A-4DD2-928C-75A3906CCFA9}.Install|Mixed Platforms.ActiveCfg = GenerateDebug|Any CPU
		{02252C54-158A-4DD2-928C-75A3906CCFA9}.Install|Mixed Platforms.Build.0 = GenerateDebug|Any CPU
		{02252C54-158A-4DD2-928C-75A3906CCFA9}.Install|x86.ActiveCfg = GenerateDebug|Any CPU
		{02252C54-158A-4DD2-928C-75A3906CCFA9}.Release|.NET.ActiveCfg = Release|Any CPU
		{02252C54-158A-4DD2-928C-75A3906CCFA9}.Release|.NET.Build.0 = Release|Any CPU
		{02252C54-158A-4DD2-928C-75A3906CCFA9}.Release|Any CPU.ActiveCfg = Release|Any CPU
		{02252C54-158A-4DD2-928C-75A3906CCFA9}.Release|Any CPU.Build.0 = Release|Any CPU
		{02252C54-158A-4DD2-928C-75A3906CCFA9}.Release|Mixed Platforms.ActiveCfg = Release|Any CPU
		{02252C54-158A-4DD2-928C-75A3906CCFA9}.Release|Mixed Platforms.Build.0 = Release|Any CPU
		{02252C54-158A-4DD2-928C-75A3906CCFA9}.Release|x86.ActiveCfg = Release|Any CPU
		{02252C54-158A-4DD2-928C-75A3906CCFA9}.ServicePack|.NET.ActiveCfg = GenerateDebug|Any CPU
		{02252C54-158A-4DD2-928C-75A3906CCFA9}.ServicePack|Any CPU.ActiveCfg = GenerateDebug|Any CPU
		{02252C54-158A-4DD2-928C-75A3906CCFA9}.ServicePack|Any CPU.Build.0 = GenerateDebug|Any CPU
		{02252C54-158A-4DD2-928C-75A3906CCFA9}.ServicePack|Mixed Platforms.ActiveCfg = GenerateDebug|Any CPU
		{02252C54-158A-4DD2-928C-75A3906CCFA9}.ServicePack|Mixed Platforms.Build.0 = GenerateDebug|Any CPU
		{02252C54-158A-4DD2-928C-75A3906CCFA9}.ServicePack|x86.ActiveCfg = GenerateDebug|Any CPU
		{02252C54-158A-4DD2-928C-75A3906CCFA9}.ShapeBuilding Only|.NET.ActiveCfg = Debug|Any CPU
		{02252C54-158A-4DD2-928C-75A3906CCFA9}.ShapeBuilding Only|Any CPU.ActiveCfg = GenerateDebug|Any CPU
		{02252C54-158A-4DD2-928C-75A3906CCFA9}.ShapeBuilding Only|Any CPU.Build.0 = GenerateDebug|Any CPU
		{02252C54-158A-4DD2-928C-75A3906CCFA9}.ShapeBuilding Only|Mixed Platforms.ActiveCfg = GenerateDebug|Any CPU
		{02252C54-158A-4DD2-928C-75A3906CCFA9}.ShapeBuilding Only|Mixed Platforms.Build.0 = GenerateDebug|Any CPU
		{02252C54-158A-4DD2-928C-75A3906CCFA9}.ShapeBuilding Only|x86.ActiveCfg = GenerateDebug|Any CPU
		{57769669-DE6B-4520-ADA4-6DA59740C258}.Debug|.NET.ActiveCfg = Debug|Any CPU
		{57769669-DE6B-4520-ADA4-6DA59740C258}.Debug|.NET.Build.0 = Debug|Any CPU
		{57769669-DE6B-4520-ADA4-6DA59740C258}.Debug|Any CPU.ActiveCfg = Debug|Any CPU
		{57769669-DE6B-4520-ADA4-6DA59740C258}.Debug|Any CPU.Build.0 = Debug|Any CPU
		{57769669-DE6B-4520-ADA4-6DA59740C258}.Debug|Mixed Platforms.ActiveCfg = Debug|Any CPU
		{57769669-DE6B-4520-ADA4-6DA59740C258}.Debug|Mixed Platforms.Build.0 = Debug|Any CPU
		{57769669-DE6B-4520-ADA4-6DA59740C258}.Debug|x86.ActiveCfg = Debug|Any CPU
		{57769669-DE6B-4520-ADA4-6DA59740C258}.Install|.NET.ActiveCfg = GenerateDebug|Any CPU
		{57769669-DE6B-4520-ADA4-6DA59740C258}.Install|Any CPU.ActiveCfg = GenerateDebug|Any CPU
		{57769669-DE6B-4520-ADA4-6DA59740C258}.Install|Any CPU.Build.0 = GenerateDebug|Any CPU
		{57769669-DE6B-4520-ADA4-6DA59740C258}.Install|Mixed Platforms.ActiveCfg = GenerateDebug|Any CPU
		{57769669-DE6B-4520-ADA4-6DA59740C258}.Install|Mixed Platforms.Build.0 = GenerateDebug|Any CPU
		{57769669-DE6B-4520-ADA4-6DA59740C258}.Install|x86.ActiveCfg = GenerateDebug|Any CPU
		{57769669-DE6B-4520-ADA4-6DA59740C258}.Release|.NET.ActiveCfg = Release|Any CPU
		{57769669-DE6B-4520-ADA4-6DA59740C258}.Release|.NET.Build.0 = Release|Any CPU
		{57769669-DE6B-4520-ADA4-6DA59740C258}.Release|Any CPU.ActiveCfg = Release|Any CPU
		{57769669-DE6B-4520-ADA4-6DA59740C258}.Release|Any CPU.Build.0 = Release|Any CPU
		{57769669-DE6B-4520-ADA4-6DA59740C258}.Release|Mixed Platforms.ActiveCfg = Release|Any CPU
		{57769669-DE6B-4520-ADA4-6DA59740C258}.Release|Mixed Platforms.Build.0 = Release|Any CPU
		{57769669-DE6B-4520-ADA4-6DA59740C258}.Release|x86.ActiveCfg = Release|Any CPU
		{57769669-DE6B-4520-ADA4-6DA59740C258}.ServicePack|.NET.ActiveCfg = GenerateDebug|Any CPU
		{57769669-DE6B-4520-ADA4-6DA59740C258}.ServicePack|Any CPU.ActiveCfg = GenerateDebug|Any CPU
		{57769669-DE6B-4520-ADA4-6DA59740C258}.ServicePack|Any CPU.Build.0 = GenerateDebug|Any CPU
		{57769669-DE6B-4520-ADA4-6DA59740C258}.ServicePack|Mixed Platforms.ActiveCfg = GenerateDebug|Any CPU
		{57769669-DE6B-4520-ADA4-6DA59740C258}.ServicePack|Mixed Platforms.Build.0 = GenerateDebug|Any CPU
		{57769669-DE6B-4520-ADA4-6DA59740C258}.ServicePack|x86.ActiveCfg = GenerateDebug|Any CPU
		{57769669-DE6B-4520-ADA4-6DA59740C258}.ShapeBuilding Only|.NET.ActiveCfg = Debug|Any CPU
		{57769669-DE6B-4520-ADA4-6DA59740C258}.ShapeBuilding Only|Any CPU.ActiveCfg = GenerateDebug|Any CPU
		{57769669-DE6B-4520-ADA4-6DA59740C258}.ShapeBuilding Only|Any CPU.Build.0 = GenerateDebug|Any CPU
		{57769669-DE6B-4520-ADA4-6DA59740C258}.ShapeBuilding Only|Mixed Platforms.ActiveCfg = GenerateDebug|Any CPU
		{57769669-DE6B-4520-ADA4-6DA59740C258}.ShapeBuilding Only|Mixed Platforms.Build.0 = GenerateDebug|Any CPU
		{57769669-DE6B-4520-ADA4-6DA59740C258}.ShapeBuilding Only|x86.ActiveCfg = GenerateDebug|Any CPU
		{2C86C8D1-023D-4656-9169-FFE55B84B084}.Debug|.NET.ActiveCfg = Debug|Any CPU
		{2C86C8D1-023D-4656-9169-FFE55B84B084}.Debug|Any CPU.ActiveCfg = Debug|Any CPU
		{2C86C8D1-023D-4656-9169-FFE55B84B084}.Debug|Mixed Platforms.ActiveCfg = Debug|Any CPU
		{2C86C8D1-023D-4656-9169-FFE55B84B084}.Debug|x86.ActiveCfg = Debug|Any CPU
		{2C86C8D1-023D-4656-9169-FFE55B84B084}.Install|.NET.ActiveCfg = ServicePack|Any CPU
		{2C86C8D1-023D-4656-9169-FFE55B84B084}.Install|Any CPU.ActiveCfg = ServicePack|Any CPU
		{2C86C8D1-023D-4656-9169-FFE55B84B084}.Install|Mixed Platforms.ActiveCfg = ServicePack|Any CPU
		{2C86C8D1-023D-4656-9169-FFE55B84B084}.Install|x86.ActiveCfg = ServicePack|Any CPU
		{2C86C8D1-023D-4656-9169-FFE55B84B084}.Release|.NET.ActiveCfg = Release|Any CPU
		{2C86C8D1-023D-4656-9169-FFE55B84B084}.Release|Any CPU.ActiveCfg = Release|Any CPU
		{2C86C8D1-023D-4656-9169-FFE55B84B084}.Release|Mixed Platforms.ActiveCfg = Release|Any CPU
		{2C86C8D1-023D-4656-9169-FFE55B84B084}.Release|x86.ActiveCfg = Release|Any CPU
		{2C86C8D1-023D-4656-9169-FFE55B84B084}.ServicePack|.NET.ActiveCfg = ServicePack|Any CPU
		{2C86C8D1-023D-4656-9169-FFE55B84B084}.ServicePack|Any CPU.ActiveCfg = ServicePack|Any CPU
		{2C86C8D1-023D-4656-9169-FFE55B84B084}.ServicePack|Mixed Platforms.ActiveCfg = ServicePack|Any CPU
		{2C86C8D1-023D-4656-9169-FFE55B84B084}.ServicePack|x86.ActiveCfg = ServicePack|Any CPU
		{2C86C8D1-023D-4656-9169-FFE55B84B084}.ShapeBuilding Only|.NET.ActiveCfg = ServicePack|Any CPU
		{2C86C8D1-023D-4656-9169-FFE55B84B084}.ShapeBuilding Only|Any CPU.ActiveCfg = ServicePack|Any CPU
		{2C86C8D1-023D-4656-9169-FFE55B84B084}.ShapeBuilding Only|Mixed Platforms.ActiveCfg = ServicePack|Any CPU
		{2C86C8D1-023D-4656-9169-FFE55B84B084}.ShapeBuilding Only|x86.ActiveCfg = ServicePack|Any CPU
		{E73BB233-D88B-44A7-A98F-D71EE158381D}.Debug|.NET.ActiveCfg = Debug|Any CPU
		{E73BB233-D88B-44A7-A98F-D71EE158381D}.Debug|.NET.Build.0 = Debug|Any CPU
		{E73BB233-D88B-44A7-A98F-D71EE158381D}.Debug|Any CPU.ActiveCfg = Debug|Any CPU
		{E73BB233-D88B-44A7-A98F-D71EE158381D}.Debug|Any CPU.Build.0 = Debug|Any CPU
		{E73BB233-D88B-44A7-A98F-D71EE158381D}.Debug|Mixed Platforms.ActiveCfg = Debug|Any CPU
		{E73BB233-D88B-44A7-A98F-D71EE158381D}.Debug|Mixed Platforms.Build.0 = Debug|Any CPU
		{E73BB233-D88B-44A7-A98F-D71EE158381D}.Debug|x86.ActiveCfg = Debug|Any CPU
		{E73BB233-D88B-44A7-A98F-D71EE158381D}.Install|.NET.ActiveCfg = Install|Any CPU
		{E73BB233-D88B-44A7-A98F-D71EE158381D}.Install|Any CPU.ActiveCfg = Install|Any CPU
		{E73BB233-D88B-44A7-A98F-D71EE158381D}.Install|Any CPU.Build.0 = Install|Any CPU
		{E73BB233-D88B-44A7-A98F-D71EE158381D}.Install|Mixed Platforms.ActiveCfg = Install|Any CPU
		{E73BB233-D88B-44A7-A98F-D71EE158381D}.Install|x86.ActiveCfg = Install|Any CPU
		{E73BB233-D88B-44A7-A98F-D71EE158381D}.Release|.NET.ActiveCfg = Release|Any CPU
		{E73BB233-D88B-44A7-A98F-D71EE158381D}.Release|.NET.Build.0 = Release|Any CPU
		{E73BB233-D88B-44A7-A98F-D71EE158381D}.Release|Any CPU.ActiveCfg = Release|Any CPU
		{E73BB233-D88B-44A7-A98F-D71EE158381D}.Release|Any CPU.Build.0 = Release|Any CPU
		{E73BB233-D88B-44A7-A98F-D71EE158381D}.Release|Mixed Platforms.ActiveCfg = Release|Any CPU
		{E73BB233-D88B-44A7-A98F-D71EE158381D}.Release|Mixed Platforms.Build.0 = Release|Any CPU
		{E73BB233-D88B-44A7-A98F-D71EE158381D}.Release|x86.ActiveCfg = Release|Any CPU
		{E73BB233-D88B-44A7-A98F-D71EE158381D}.ServicePack|.NET.ActiveCfg = Release|Any CPU
		{E73BB233-D88B-44A7-A98F-D71EE158381D}.ServicePack|Any CPU.ActiveCfg = Release|Any CPU
		{E73BB233-D88B-44A7-A98F-D71EE158381D}.ServicePack|Any CPU.Build.0 = Release|Any CPU
		{E73BB233-D88B-44A7-A98F-D71EE158381D}.ServicePack|Mixed Platforms.ActiveCfg = Release|Any CPU
		{E73BB233-D88B-44A7-A98F-D71EE158381D}.ServicePack|Mixed Platforms.Build.0 = Release|Any CPU
		{E73BB233-D88B-44A7-A98F-D71EE158381D}.ServicePack|x86.ActiveCfg = Release|Any CPU
		{E73BB233-D88B-44A7-A98F-D71EE158381D}.ShapeBuilding Only|.NET.ActiveCfg = Debug|Any CPU
		{E73BB233-D88B-44A7-A98F-D71EE158381D}.ShapeBuilding Only|Any CPU.ActiveCfg = Release|Any CPU
		{E73BB233-D88B-44A7-A98F-D71EE158381D}.ShapeBuilding Only|Any CPU.Build.0 = Release|Any CPU
		{E73BB233-D88B-44A7-A98F-D71EE158381D}.ShapeBuilding Only|Mixed Platforms.ActiveCfg = Release|Any CPU
		{E73BB233-D88B-44A7-A98F-D71EE158381D}.ShapeBuilding Only|Mixed Platforms.Build.0 = Release|Any CPU
		{E73BB233-D88B-44A7-A98F-D71EE158381D}.ShapeBuilding Only|x86.ActiveCfg = Release|Any CPU
		{C75532C4-765B-418E-B09B-46D36B2ABDB1}.Debug|.NET.ActiveCfg = Debug|Any CPU
		{C75532C4-765B-418E-B09B-46D36B2ABDB1}.Debug|.NET.Build.0 = Debug|Any CPU
		{C75532C4-765B-418E-B09B-46D36B2ABDB1}.Debug|Any CPU.ActiveCfg = Debug|Any CPU
		{C75532C4-765B-418E-B09B-46D36B2ABDB1}.Debug|Any CPU.Build.0 = Debug|Any CPU
		{C75532C4-765B-418E-B09B-46D36B2ABDB1}.Debug|Mixed Platforms.ActiveCfg = Debug|Any CPU
		{C75532C4-765B-418E-B09B-46D36B2ABDB1}.Debug|Mixed Platforms.Build.0 = Debug|Any CPU
		{C75532C4-765B-418E-B09B-46D36B2ABDB1}.Debug|x86.ActiveCfg = Debug|Any CPU
		{C75532C4-765B-418E-B09B-46D36B2ABDB1}.Install|.NET.ActiveCfg = Install|Any CPU
		{C75532C4-765B-418E-B09B-46D36B2ABDB1}.Install|Any CPU.ActiveCfg = Install|Any CPU
		{C75532C4-765B-418E-B09B-46D36B2ABDB1}.Install|Any CPU.Build.0 = Install|Any CPU
		{C75532C4-765B-418E-B09B-46D36B2ABDB1}.Install|Mixed Platforms.ActiveCfg = Install|Any CPU
		{C75532C4-765B-418E-B09B-46D36B2ABDB1}.Install|x86.ActiveCfg = Install|Any CPU
		{C75532C4-765B-418E-B09B-46D36B2ABDB1}.Release|.NET.ActiveCfg = Release|Any CPU
		{C75532C4-765B-418E-B09B-46D36B2ABDB1}.Release|.NET.Build.0 = Release|Any CPU
		{C75532C4-765B-418E-B09B-46D36B2ABDB1}.Release|Any CPU.ActiveCfg = Release|Any CPU
		{C75532C4-765B-418E-B09B-46D36B2ABDB1}.Release|Any CPU.Build.0 = Release|Any CPU
		{C75532C4-765B-418E-B09B-46D36B2ABDB1}.Release|Mixed Platforms.ActiveCfg = Release|Any CPU
		{C75532C4-765B-418E-B09B-46D36B2ABDB1}.Release|Mixed Platforms.Build.0 = Release|Any CPU
		{C75532C4-765B-418E-B09B-46D36B2ABDB1}.Release|x86.ActiveCfg = Release|Any CPU
		{C75532C4-765B-418E-B09B-46D36B2ABDB1}.ServicePack|.NET.ActiveCfg = UnitTests|Any CPU
		{C75532C4-765B-418E-B09B-46D36B2ABDB1}.ServicePack|Any CPU.ActiveCfg = UnitTests|Any CPU
		{C75532C4-765B-418E-B09B-46D36B2ABDB1}.ServicePack|Any CPU.Build.0 = UnitTests|Any CPU
		{C75532C4-765B-418E-B09B-46D36B2ABDB1}.ServicePack|Mixed Platforms.ActiveCfg = UnitTests|Any CPU
		{C75532C4-765B-418E-B09B-46D36B2ABDB1}.ServicePack|Mixed Platforms.Build.0 = UnitTests|Any CPU
		{C75532C4-765B-418E-B09B-46D36B2ABDB1}.ServicePack|x86.ActiveCfg = UnitTests|Any CPU
		{C75532C4-765B-418E-B09B-46D36B2ABDB1}.ShapeBuilding Only|.NET.ActiveCfg = Debug|Any CPU
		{C75532C4-765B-418E-B09B-46D36B2ABDB1}.ShapeBuilding Only|Any CPU.ActiveCfg = UnitTests|Any CPU
		{C75532C4-765B-418E-B09B-46D36B2ABDB1}.ShapeBuilding Only|Any CPU.Build.0 = UnitTests|Any CPU
		{C75532C4-765B-418E-B09B-46D36B2ABDB1}.ShapeBuilding Only|Mixed Platforms.ActiveCfg = UnitTests|Any CPU
		{C75532C4-765B-418E-B09B-46D36B2ABDB1}.ShapeBuilding Only|Mixed Platforms.Build.0 = UnitTests|Any CPU
		{C75532C4-765B-418E-B09B-46D36B2ABDB1}.ShapeBuilding Only|x86.ActiveCfg = UnitTests|Any CPU
		{743EDB81-D2AC-4A52-A313-50BD4229401B}.Debug|.NET.ActiveCfg = Debug|Any CPU
		{743EDB81-D2AC-4A52-A313-50BD4229401B}.Debug|.NET.Build.0 = Debug|Any CPU
		{743EDB81-D2AC-4A52-A313-50BD4229401B}.Debug|Any CPU.ActiveCfg = Debug|Any CPU
		{743EDB81-D2AC-4A52-A313-50BD4229401B}.Debug|Any CPU.Build.0 = Debug|Any CPU
		{743EDB81-D2AC-4A52-A313-50BD4229401B}.Debug|Mixed Platforms.ActiveCfg = Debug|Any CPU
		{743EDB81-D2AC-4A52-A313-50BD4229401B}.Debug|Mixed Platforms.Build.0 = Debug|Any CPU
		{743EDB81-D2AC-4A52-A313-50BD4229401B}.Debug|x86.ActiveCfg = Debug|Any CPU
		{743EDB81-D2AC-4A52-A313-50BD4229401B}.Install|.NET.ActiveCfg = Install|Any CPU
		{743EDB81-D2AC-4A52-A313-50BD4229401B}.Install|Any CPU.ActiveCfg = Install|Any CPU
		{743EDB81-D2AC-4A52-A313-50BD4229401B}.Install|Any CPU.Build.0 = Install|Any CPU
		{743EDB81-D2AC-4A52-A313-50BD4229401B}.Install|Mixed Platforms.ActiveCfg = Install|Any CPU
		{743EDB81-D2AC-4A52-A313-50BD4229401B}.Install|x86.ActiveCfg = Install|Any CPU
		{743EDB81-D2AC-4A52-A313-50BD4229401B}.Release|.NET.ActiveCfg = Release|Any CPU
		{743EDB81-D2AC-4A52-A313-50BD4229401B}.Release|.NET.Build.0 = Release|Any CPU
		{743EDB81-D2AC-4A52-A313-50BD4229401B}.Release|Any CPU.ActiveCfg = Release|Any CPU
		{743EDB81-D2AC-4A52-A313-50BD4229401B}.Release|Any CPU.Build.0 = Release|Any CPU
		{743EDB81-D2AC-4A52-A313-50BD4229401B}.Release|Mixed Platforms.ActiveCfg = Release|Any CPU
		{743EDB81-D2AC-4A52-A313-50BD4229401B}.Release|Mixed Platforms.Build.0 = Release|Any CPU
		{743EDB81-D2AC-4A52-A313-50BD4229401B}.Release|x86.ActiveCfg = Release|Any CPU
		{743EDB81-D2AC-4A52-A313-50BD4229401B}.ServicePack|.NET.ActiveCfg = Release|Any CPU
		{743EDB81-D2AC-4A52-A313-50BD4229401B}.ServicePack|Any CPU.ActiveCfg = Release|Any CPU
		{743EDB81-D2AC-4A52-A313-50BD4229401B}.ServicePack|Any CPU.Build.0 = Release|Any CPU
		{743EDB81-D2AC-4A52-A313-50BD4229401B}.ServicePack|Mixed Platforms.ActiveCfg = Release|Any CPU
		{743EDB81-D2AC-4A52-A313-50BD4229401B}.ServicePack|Mixed Platforms.Build.0 = Release|Any CPU
		{743EDB81-D2AC-4A52-A313-50BD4229401B}.ServicePack|x86.ActiveCfg = Release|Any CPU
		{743EDB81-D2AC-4A52-A313-50BD4229401B}.ShapeBuilding Only|.NET.ActiveCfg = Release|Any CPU
		{743EDB81-D2AC-4A52-A313-50BD4229401B}.ShapeBuilding Only|Any CPU.ActiveCfg = Release|Any CPU
		{743EDB81-D2AC-4A52-A313-50BD4229401B}.ShapeBuilding Only|Any CPU.Build.0 = Release|Any CPU
		{743EDB81-D2AC-4A52-A313-50BD4229401B}.ShapeBuilding Only|Mixed Platforms.ActiveCfg = Release|Any CPU
		{743EDB81-D2AC-4A52-A313-50BD4229401B}.ShapeBuilding Only|Mixed Platforms.Build.0 = Release|Any CPU
		{743EDB81-D2AC-4A52-A313-50BD4229401B}.ShapeBuilding Only|x86.ActiveCfg = Release|Any CPU
		{97E59E45-ACEF-4E59-B8CB-44D83B97B362}.Debug|.NET.ActiveCfg = Debug|x86
		{97E59E45-ACEF-4E59-B8CB-44D83B97B362}.Debug|Any CPU.ActiveCfg = Debug|x86
		{97E59E45-ACEF-4E59-B8CB-44D83B97B362}.Debug|Mixed Platforms.ActiveCfg = Debug|x86
		{97E59E45-ACEF-4E59-B8CB-44D83B97B362}.Debug|x86.ActiveCfg = Debug|x86
		{97E59E45-ACEF-4E59-B8CB-44D83B97B362}.Debug|x86.Build.0 = Debug|x86
		{97E59E45-ACEF-4E59-B8CB-44D83B97B362}.Install|.NET.ActiveCfg = Install|x86
		{97E59E45-ACEF-4E59-B8CB-44D83B97B362}.Install|Any CPU.ActiveCfg = Install|x86
		{97E59E45-ACEF-4E59-B8CB-44D83B97B362}.Install|Mixed Platforms.ActiveCfg = Install|x86
		{97E59E45-ACEF-4E59-B8CB-44D83B97B362}.Install|Mixed Platforms.Build.0 = Install|x86
		{97E59E45-ACEF-4E59-B8CB-44D83B97B362}.Install|x86.ActiveCfg = Install|x86
		{97E59E45-ACEF-4E59-B8CB-44D83B97B362}.Install|x86.Build.0 = Install|x86
		{97E59E45-ACEF-4E59-B8CB-44D83B97B362}.Release|.NET.ActiveCfg = Release|x86
		{97E59E45-ACEF-4E59-B8CB-44D83B97B362}.Release|Any CPU.ActiveCfg = Release|x86
		{97E59E45-ACEF-4E59-B8CB-44D83B97B362}.Release|Mixed Platforms.ActiveCfg = Release|x86
		{97E59E45-ACEF-4E59-B8CB-44D83B97B362}.Release|x86.ActiveCfg = Release|x86
		{97E59E45-ACEF-4E59-B8CB-44D83B97B362}.Release|x86.Build.0 = Release|x86
		{97E59E45-ACEF-4E59-B8CB-44D83B97B362}.ServicePack|.NET.ActiveCfg = Release|x86
		{97E59E45-ACEF-4E59-B8CB-44D83B97B362}.ServicePack|Any CPU.ActiveCfg = Release|x86
		{97E59E45-ACEF-4E59-B8CB-44D83B97B362}.ServicePack|Mixed Platforms.ActiveCfg = Release|x86
		{97E59E45-ACEF-4E59-B8CB-44D83B97B362}.ServicePack|Mixed Platforms.Build.0 = Release|x86
		{97E59E45-ACEF-4E59-B8CB-44D83B97B362}.ServicePack|x86.ActiveCfg = Release|x86
		{97E59E45-ACEF-4E59-B8CB-44D83B97B362}.ServicePack|x86.Build.0 = Release|x86
		{97E59E45-ACEF-4E59-B8CB-44D83B97B362}.ShapeBuilding Only|.NET.ActiveCfg = Release|x86
		{97E59E45-ACEF-4E59-B8CB-44D83B97B362}.ShapeBuilding Only|Any CPU.ActiveCfg = Release|x86
		{97E59E45-ACEF-4E59-B8CB-44D83B97B362}.ShapeBuilding Only|Mixed Platforms.ActiveCfg = Release|x86
		{97E59E45-ACEF-4E59-B8CB-44D83B97B362}.ShapeBuilding Only|Mixed Platforms.Build.0 = Release|x86
		{97E59E45-ACEF-4E59-B8CB-44D83B97B362}.ShapeBuilding Only|x86.ActiveCfg = Release|x86
		{97E59E45-ACEF-4E59-B8CB-44D83B97B362}.ShapeBuilding Only|x86.Build.0 = Release|x86
		{BBB8791F-9954-423B-BE05-44EEBE59BB13}.Debug|.NET.ActiveCfg = Debug|Any CPU
		{BBB8791F-9954-423B-BE05-44EEBE59BB13}.Debug|Any CPU.ActiveCfg = Debug|Any CPU
		{BBB8791F-9954-423B-BE05-44EEBE59BB13}.Debug|Any CPU.Build.0 = Debug|Any CPU
		{BBB8791F-9954-423B-BE05-44EEBE59BB13}.Debug|Mixed Platforms.ActiveCfg = Debug|Any CPU
		{BBB8791F-9954-423B-BE05-44EEBE59BB13}.Debug|Mixed Platforms.Build.0 = Debug|Any CPU
		{BBB8791F-9954-423B-BE05-44EEBE59BB13}.Debug|x86.ActiveCfg = Debug|Any CPU
		{BBB8791F-9954-423B-BE05-44EEBE59BB13}.Install|.NET.ActiveCfg = Release|Any CPU
		{BBB8791F-9954-423B-BE05-44EEBE59BB13}.Install|Any CPU.ActiveCfg = Release|Any CPU
		{BBB8791F-9954-423B-BE05-44EEBE59BB13}.Install|Any CPU.Build.0 = Release|Any CPU
		{BBB8791F-9954-423B-BE05-44EEBE59BB13}.Install|Mixed Platforms.ActiveCfg = Release|Any CPU
		{BBB8791F-9954-423B-BE05-44EEBE59BB13}.Install|Mixed Platforms.Build.0 = Release|Any CPU
		{BBB8791F-9954-423B-BE05-44EEBE59BB13}.Install|x86.ActiveCfg = Release|Any CPU
		{BBB8791F-9954-423B-BE05-44EEBE59BB13}.Release|.NET.ActiveCfg = Release|Any CPU
		{BBB8791F-9954-423B-BE05-44EEBE59BB13}.Release|Any CPU.ActiveCfg = Release|Any CPU
		{BBB8791F-9954-423B-BE05-44EEBE59BB13}.Release|Any CPU.Build.0 = Release|Any CPU
		{BBB8791F-9954-423B-BE05-44EEBE59BB13}.Release|Mixed Platforms.ActiveCfg = Release|Any CPU
		{BBB8791F-9954-423B-BE05-44EEBE59BB13}.Release|Mixed Platforms.Build.0 = Release|Any CPU
		{BBB8791F-9954-423B-BE05-44EEBE59BB13}.Release|x86.ActiveCfg = Release|Any CPU
		{BBB8791F-9954-423B-BE05-44EEBE59BB13}.ServicePack|.NET.ActiveCfg = Release|Any CPU
		{BBB8791F-9954-423B-BE05-44EEBE59BB13}.ServicePack|Any CPU.ActiveCfg = Release|Any CPU
		{BBB8791F-9954-423B-BE05-44EEBE59BB13}.ServicePack|Any CPU.Build.0 = Release|Any CPU
		{BBB8791F-9954-423B-BE05-44EEBE59BB13}.ServicePack|Mixed Platforms.ActiveCfg = Release|Any CPU
		{BBB8791F-9954-423B-BE05-44EEBE59BB13}.ServicePack|Mixed Platforms.Build.0 = Release|Any CPU
		{BBB8791F-9954-423B-BE05-44EEBE59BB13}.ServicePack|x86.ActiveCfg = Release|Any CPU
		{BBB8791F-9954-423B-BE05-44EEBE59BB13}.ShapeBuilding Only|.NET.ActiveCfg = Release|Any CPU
		{BBB8791F-9954-423B-BE05-44EEBE59BB13}.ShapeBuilding Only|Any CPU.ActiveCfg = Release|Any CPU
		{BBB8791F-9954-423B-BE05-44EEBE59BB13}.ShapeBuilding Only|Any CPU.Build.0 = Release|Any CPU
		{BBB8791F-9954-423B-BE05-44EEBE59BB13}.ShapeBuilding Only|Mixed Platforms.ActiveCfg = Release|Any CPU
		{BBB8791F-9954-423B-BE05-44EEBE59BB13}.ShapeBuilding Only|Mixed Platforms.Build.0 = Release|Any CPU
		{BBB8791F-9954-423B-BE05-44EEBE59BB13}.ShapeBuilding Only|x86.ActiveCfg = Release|Any CPU
		{9A9EA19A-5E81-4CA5-BBBF-41AA8A73A134}.Debug|.NET.ActiveCfg = Debug|Any CPU
		{9A9EA19A-5E81-4CA5-BBBF-41AA8A73A134}.Debug|Any CPU.ActiveCfg = Debug|Any CPU
		{9A9EA19A-5E81-4CA5-BBBF-41AA8A73A134}.Debug|Any CPU.Build.0 = Debug|Any CPU
		{9A9EA19A-5E81-4CA5-BBBF-41AA8A73A134}.Debug|Mixed Platforms.ActiveCfg = Debug|Any CPU
		{9A9EA19A-5E81-4CA5-BBBF-41AA8A73A134}.Debug|Mixed Platforms.Build.0 = Debug|Any CPU
		{9A9EA19A-5E81-4CA5-BBBF-41AA8A73A134}.Debug|x86.ActiveCfg = Debug|Any CPU
		{9A9EA19A-5E81-4CA5-BBBF-41AA8A73A134}.Install|.NET.ActiveCfg = Release|Any CPU
		{9A9EA19A-5E81-4CA5-BBBF-41AA8A73A134}.Install|Any CPU.ActiveCfg = Release|Any CPU
		{9A9EA19A-5E81-4CA5-BBBF-41AA8A73A134}.Install|Any CPU.Build.0 = Release|Any CPU
		{9A9EA19A-5E81-4CA5-BBBF-41AA8A73A134}.Install|Mixed Platforms.ActiveCfg = Release|Any CPU
		{9A9EA19A-5E81-4CA5-BBBF-41AA8A73A134}.Install|Mixed Platforms.Build.0 = Release|Any CPU
		{9A9EA19A-5E81-4CA5-BBBF-41AA8A73A134}.Install|x86.ActiveCfg = Release|Any CPU
		{9A9EA19A-5E81-4CA5-BBBF-41AA8A73A134}.Release|.NET.ActiveCfg = Release|Any CPU
		{9A9EA19A-5E81-4CA5-BBBF-41AA8A73A134}.Release|Any CPU.ActiveCfg = Release|Any CPU
		{9A9EA19A-5E81-4CA5-BBBF-41AA8A73A134}.Release|Any CPU.Build.0 = Release|Any CPU
		{9A9EA19A-5E81-4CA5-BBBF-41AA8A73A134}.Release|Mixed Platforms.ActiveCfg = Release|Any CPU
		{9A9EA19A-5E81-4CA5-BBBF-41AA8A73A134}.Release|Mixed Platforms.Build.0 = Release|Any CPU
		{9A9EA19A-5E81-4CA5-BBBF-41AA8A73A134}.Release|x86.ActiveCfg = Release|Any CPU
		{9A9EA19A-5E81-4CA5-BBBF-41AA8A73A134}.ServicePack|.NET.ActiveCfg = Release|Any CPU
		{9A9EA19A-5E81-4CA5-BBBF-41AA8A73A134}.ServicePack|Any CPU.ActiveCfg = Release|Any CPU
		{9A9EA19A-5E81-4CA5-BBBF-41AA8A73A134}.ServicePack|Any CPU.Build.0 = Release|Any CPU
		{9A9EA19A-5E81-4CA5-BBBF-41AA8A73A134}.ServicePack|Mixed Platforms.ActiveCfg = Release|Any CPU
		{9A9EA19A-5E81-4CA5-BBBF-41AA8A73A134}.ServicePack|Mixed Platforms.Build.0 = Release|Any CPU
		{9A9EA19A-5E81-4CA5-BBBF-41AA8A73A134}.ServicePack|x86.ActiveCfg = Release|Any CPU
		{9A9EA19A-5E81-4CA5-BBBF-41AA8A73A134}.ShapeBuilding Only|.NET.ActiveCfg = Release|Any CPU
		{9A9EA19A-5E81-4CA5-BBBF-41AA8A73A134}.ShapeBuilding Only|Any CPU.ActiveCfg = Release|Any CPU
		{9A9EA19A-5E81-4CA5-BBBF-41AA8A73A134}.ShapeBuilding Only|Any CPU.Build.0 = Release|Any CPU
		{9A9EA19A-5E81-4CA5-BBBF-41AA8A73A134}.ShapeBuilding Only|Mixed Platforms.ActiveCfg = Release|Any CPU
		{9A9EA19A-5E81-4CA5-BBBF-41AA8A73A134}.ShapeBuilding Only|Mixed Platforms.Build.0 = Release|Any CPU
		{9A9EA19A-5E81-4CA5-BBBF-41AA8A73A134}.ShapeBuilding Only|x86.ActiveCfg = Release|Any CPU
		{18FEDA0C-D147-4286-B39A-01204808106A}.Debug|.NET.ActiveCfg = Debug|Any CPU
		{18FEDA0C-D147-4286-B39A-01204808106A}.Debug|.NET.Build.0 = Debug|Any CPU
		{18FEDA0C-D147-4286-B39A-01204808106A}.Debug|Any CPU.ActiveCfg = Debug|Any CPU
		{18FEDA0C-D147-4286-B39A-01204808106A}.Debug|Any CPU.Build.0 = Debug|Any CPU
		{18FEDA0C-D147-4286-B39A-01204808106A}.Debug|Mixed Platforms.ActiveCfg = Debug|Any CPU
		{18FEDA0C-D147-4286-B39A-01204808106A}.Debug|Mixed Platforms.Build.0 = Debug|Any CPU
		{18FEDA0C-D147-4286-B39A-01204808106A}.Debug|x86.ActiveCfg = Debug|Any CPU
		{18FEDA0C-D147-4286-B39A-01204808106A}.Debug|x86.Build.0 = Debug|Any CPU
		{18FEDA0C-D147-4286-B39A-01204808106A}.Install|.NET.ActiveCfg = Release|Any CPU
		{18FEDA0C-D147-4286-B39A-01204808106A}.Install|.NET.Build.0 = Release|Any CPU
		{18FEDA0C-D147-4286-B39A-01204808106A}.Install|Any CPU.ActiveCfg = Release|Any CPU
		{18FEDA0C-D147-4286-B39A-01204808106A}.Install|Any CPU.Build.0 = Release|Any CPU
		{18FEDA0C-D147-4286-B39A-01204808106A}.Install|Mixed Platforms.ActiveCfg = Release|Any CPU
		{18FEDA0C-D147-4286-B39A-01204808106A}.Install|Mixed Platforms.Build.0 = Release|Any CPU
		{18FEDA0C-D147-4286-B39A-01204808106A}.Install|x86.ActiveCfg = Release|Any CPU
		{18FEDA0C-D147-4286-B39A-01204808106A}.Install|x86.Build.0 = Release|Any CPU
		{18FEDA0C-D147-4286-B39A-01204808106A}.Release|.NET.ActiveCfg = Release|Any CPU
		{18FEDA0C-D147-4286-B39A-01204808106A}.Release|.NET.Build.0 = Release|Any CPU
		{18FEDA0C-D147-4286-B39A-01204808106A}.Release|Any CPU.ActiveCfg = Release|Any CPU
		{18FEDA0C-D147-4286-B39A-01204808106A}.Release|Any CPU.Build.0 = Release|Any CPU
		{18FEDA0C-D147-4286-B39A-01204808106A}.Release|Mixed Platforms.ActiveCfg = Release|Any CPU
		{18FEDA0C-D147-4286-B39A-01204808106A}.Release|Mixed Platforms.Build.0 = Release|Any CPU
		{18FEDA0C-D147-4286-B39A-01204808106A}.Release|x86.ActiveCfg = Release|Any CPU
		{18FEDA0C-D147-4286-B39A-01204808106A}.Release|x86.Build.0 = Release|Any CPU
		{18FEDA0C-D147-4286-B39A-01204808106A}.ServicePack|.NET.ActiveCfg = Release|Any CPU
		{18FEDA0C-D147-4286-B39A-01204808106A}.ServicePack|.NET.Build.0 = Release|Any CPU
		{18FEDA0C-D147-4286-B39A-01204808106A}.ServicePack|Any CPU.ActiveCfg = Release|Any CPU
		{18FEDA0C-D147-4286-B39A-01204808106A}.ServicePack|Any CPU.Build.0 = Release|Any CPU
		{18FEDA0C-D147-4286-B39A-01204808106A}.ServicePack|Mixed Platforms.ActiveCfg = Release|Any CPU
		{18FEDA0C-D147-4286-B39A-01204808106A}.ServicePack|Mixed Platforms.Build.0 = Release|Any CPU
		{18FEDA0C-D147-4286-B39A-01204808106A}.ServicePack|x86.ActiveCfg = Release|Any CPU
		{18FEDA0C-D147-4286-B39A-01204808106A}.ServicePack|x86.Build.0 = Release|Any CPU
		{18FEDA0C-D147-4286-B39A-01204808106A}.ShapeBuilding Only|.NET.ActiveCfg = Release|Any CPU
		{18FEDA0C-D147-4286-B39A-01204808106A}.ShapeBuilding Only|.NET.Build.0 = Release|Any CPU
		{18FEDA0C-D147-4286-B39A-01204808106A}.ShapeBuilding Only|Any CPU.ActiveCfg = Release|Any CPU
		{18FEDA0C-D147-4286-B39A-01204808106A}.ShapeBuilding Only|Any CPU.Build.0 = Release|Any CPU
		{18FEDA0C-D147-4286-B39A-01204808106A}.ShapeBuilding Only|Mixed Platforms.ActiveCfg = Release|Any CPU
		{18FEDA0C-D147-4286-B39A-01204808106A}.ShapeBuilding Only|Mixed Platforms.Build.0 = Release|Any CPU
		{18FEDA0C-D147-4286-B39A-01204808106A}.ShapeBuilding Only|x86.ActiveCfg = Release|Any CPU
		{18FEDA0C-D147-4286-B39A-01204808106A}.ShapeBuilding Only|x86.Build.0 = Release|Any CPU
	EndGlobalSection
	GlobalSection(SolutionProperties) = preSolution
		HideSolutionNode = FALSE
	EndGlobalSection
	GlobalSection(NestedProjects) = preSolution
		{1DF6E2B6-3AAF-43E6-A13D-C06D8371597E} = {E6FC1D4E-84DE-4DD6-A1C2-F11CC04DE9D0}
		{E6FC1D4E-84DE-4DD6-A1C2-F11CC04DE9D0} = {A234E751-BD86-4433-8065-6ACFE58C35AB}
		{41634C4C-2874-48CB-A5A1-51EE9752F543} = {A234E751-BD86-4433-8065-6ACFE58C35AB}
		{810B9B77-A6A2-48DB-B0F2-384E58115CE9} = {A234E751-BD86-4433-8065-6ACFE58C35AB}
		{3842CE3A-410B-4C58-A1C4-07C1CC8B7E6F} = {A234E751-BD86-4433-8065-6ACFE58C35AB}
		{B63E59CD-B72B-4F0F-B0D5-0F0D689BE50C} = {41634C4C-2874-48CB-A5A1-51EE9752F543}
		{6B40D926-F92F-4B7E-BA1C-3CC04D46A6AD} = {259E9D38-C6A6-4235-AFBC-786A7B17CD77}
		{AB8F12D8-2969-49EC-9361-2641FAF5F422} = {259E9D38-C6A6-4235-AFBC-786A7B17CD77}
		{AC8718BA-4640-4CB6-8611-5D8717849DAA} = {259E9D38-C6A6-4235-AFBC-786A7B17CD77}
		{A6A472F1-D4A5-44C4-9689-36BD0EE52036} = {259E9D38-C6A6-4235-AFBC-786A7B17CD77}
		{F865CFF0-25AE-4C20-89D8-B78916D7E91B} = {259E9D38-C6A6-4235-AFBC-786A7B17CD77}
		{F455C73B-87A6-4815-A3FB-F19B286AE406} = {259E9D38-C6A6-4235-AFBC-786A7B17CD77}
		{71200AD5-44C5-4ABB-A8AB-014A60C923BF} = {259E9D38-C6A6-4235-AFBC-786A7B17CD77}
		{3CE77700-4248-4E3A-B264-4D6A95F17B7C} = {3842CE3A-410B-4C58-A1C4-07C1CC8B7E6F}
		{8F7E3611-6B54-4C3E-8795-90453172D628} = {3842CE3A-410B-4C58-A1C4-07C1CC8B7E6F}
		{ED9F3CFD-303E-49CF-AC53-2E830699AEAF} = {3842CE3A-410B-4C58-A1C4-07C1CC8B7E6F}
		{645A64F9-27CD-453C-96E0-9DF733D035B1} = {E6FC1D4E-84DE-4DD6-A1C2-F11CC04DE9D0}
		{86DE2EA4-EC67-4F0A-BC70-7E23BF009D64} = {3842CE3A-410B-4C58-A1C4-07C1CC8B7E6F}
		{86FA531A-298B-473E-A40F-D53D058D9A3F} = {E6FC1D4E-84DE-4DD6-A1C2-F11CC04DE9D0}
		{FA0415E3-5C92-4224-814D-E06B3EF0AC6D} = {259E9D38-C6A6-4235-AFBC-786A7B17CD77}
		{876BD4A0-0663-4F72-8089-501C8BA527D8} = {41634C4C-2874-48CB-A5A1-51EE9752F543}
		{B72D3674-44C0-49FE-A4F1-64910F292641} = {1DF6E2B6-3AAF-43E6-A13D-C06D8371597E}
		{02252C54-158A-4DD2-928C-75A3906CCFA9} = {1DF6E2B6-3AAF-43E6-A13D-C06D8371597E}
		{57769669-DE6B-4520-ADA4-6DA59740C258} = {1DF6E2B6-3AAF-43E6-A13D-C06D8371597E}
		{2C86C8D1-023D-4656-9169-FFE55B84B084} = {810B9B77-A6A2-48DB-B0F2-384E58115CE9}
		{E73BB233-D88B-44A7-A98F-D71EE158381D} = {E6FC1D4E-84DE-4DD6-A1C2-F11CC04DE9D0}
		{C75532C4-765B-418E-B09B-46D36B2ABDB1} = {3842CE3A-410B-4C58-A1C4-07C1CC8B7E6F}
		{743EDB81-D2AC-4A52-A313-50BD4229401B} = {3842CE3A-410B-4C58-A1C4-07C1CC8B7E6F}
		{97E59E45-ACEF-4E59-B8CB-44D83B97B362} = {B63E59CD-B72B-4F0F-B0D5-0F0D689BE50C}
		{BBB8791F-9954-423B-BE05-44EEBE59BB13} = {41634C4C-2874-48CB-A5A1-51EE9752F543}
		{9A9EA19A-5E81-4CA5-BBBF-41AA8A73A134} = {94394989-41E3-44D0-8719-774792535640}
		{18FEDA0C-D147-4286-B39A-01204808106A} = {E6FC1D4E-84DE-4DD6-A1C2-F11CC04DE9D0}
	EndGlobalSection
EndGlobal
